
Microsoft Visual Studio Solution File, Format Version 12.00
# Visual Studio Version 17
VisualStudioVersion = 17.8.34511.84
MinimumVisualStudioVersion = 10.0.40219.1
Project("{9A19103F-16F7-4668-BE54-9A1E7A4F7556}") = "Clase1Ejercicio1", "Clase1Ejercicio1\Clase1Ejercicio1.csproj", "{51C6908F-9712-4476-8C96-296DFDA1F5AF}"
EndProject
Project("{9A19103F-16F7-4668-BE54-9A1E7A4F7556}") = "Clase1Ejercicio1Alernativa", "Clase1Ejercicio1SegundaVersion\Clase1Ejercicio1Alernativa.csproj", "{78190B76-FDB6-467C-BAD0-F4626F541CA7}"
EndProject
Project("{9A19103F-16F7-4668-BE54-9A1E7A4F7556}") = "Clase2Ejercicio1", "Clase2Ejercicio1\Clase2Ejercicio1.csproj", "{B5C2B10B-EFD2-401A-BD7D-9C2D6A2D3D96}"
EndProject
Project("{9A19103F-16F7-4668-BE54-9A1E7A4F7556}") = "BibliotecaClases1", "LibreriaClases\BibliotecaClases1.csproj", "{8F8CD2E2-F562-4161-A427-35CDA06EBFD2}"
EndProject
Project("{2150E333-8FDC-42A3-9474-1A3956D46DE8}") = "1- Introducción a .NET y C#", "1- Introducción a .NET y C#", "{725C78E1-AFED-494D-9CB1-3ACDAC96BC82}"
EndProject
Project("{2150E333-8FDC-42A3-9474-1A3956D46DE8}") = "2- Clases y métodos estáticos", "2- Clases y métodos estáticos", "{338796E9-3A72-417E-9F29-6A0CC30C4676}"
EndProject
Project("{9A19103F-16F7-4668-BE54-9A1E7A4F7556}") = "Clase1Ejercicio3", "Clase1Ejercicio3\Clase1Ejercicio3.csproj", "{EB6F38FF-F06D-400F-8854-8B617A84518F}"
EndProject
Project("{9A19103F-16F7-4668-BE54-9A1E7A4F7556}") = "Clase1Ejercicio2", "Clase1Ejercicio2\Clase1Ejercicio2.csproj", "{9D4DA2F8-BFE4-4896-94C4-4F955139D198}"
EndProject
Project("{9A19103F-16F7-4668-BE54-9A1E7A4F7556}") = "Clase2Ejercicio2", "Clase2Ejercicio2\Clase2Ejercicio2.csproj", "{9F298B9A-09B1-45E2-8F40-0DABD37AEE38}"
EndProject
Project("{2150E333-8FDC-42A3-9474-1A3956D46DE8}") = "3- Programación orientada a objetos", "3- Programación orientada a objetos", "{1C8EAB8D-8134-4DCA-AB63-58A238B226FF}"
EndProject
Project("{9A19103F-16F7-4668-BE54-9A1E7A4F7556}") = "Clase3Ejercicio1", "Clase3Ejercicio1\Clase3Ejercicio1.csproj", "{4E331ED4-C0F7-4771-8549-2A6042366528}"
EndProject
Project("{9A19103F-16F7-4668-BE54-9A1E7A4F7556}") = "Clase3Ejercicio2", "Clase3Ejercicio2\Clase3Ejercicio2.csproj", "{4800F8F1-C5AF-46E6-A5C9-2A7AAD9D3ED7}"
EndProject
Project("{9A19103F-16F7-4668-BE54-9A1E7A4F7556}") = "Clase1Ejercicio4", "Clase1Ejercicio4\Clase1Ejercicio4.csproj", "{F572B6A1-7E8F-46F8-B48F-00F525266A7B}"
EndProject
Project("{2150E333-8FDC-42A3-9474-1A3956D46DE8}") = "Elementos de la solución", "Elementos de la solución", "{80289A44-B842-480E-AA25-425AB6CF099A}"
	ProjectSection(SolutionItems) = preProject
		.gitignore = .gitignore
	EndProjectSection
EndProject
Project("{9A19103F-16F7-4668-BE54-9A1E7A4F7556}") = "Clase3Ejercicio3", "Clase3Ejercicio3\Clase3Ejercicio3.csproj", "{08A04745-74F2-4617-B95D-9BD640BA5B7F}"
EndProject
Project("{9A19103F-16F7-4668-BE54-9A1E7A4F7556}") = "Clase3Ejercicio4", "Clase3Ejercicio4\Clase3Ejercicio4.csproj", "{CB5B2080-CE2A-464D-ABDF-B0A3D19149F8}"
EndProject
Project("{9A19103F-16F7-4668-BE54-9A1E7A4F7556}") = "Clase3Ejercicio4-PracticaColor", "Clase3Ejercicio4-PracticaColor\Clase3Ejercicio4-PracticaColor.csproj", "{785B339E-6C94-4ACD-80D6-11F2C457DCB5}"
EndProject
Project("{9A19103F-16F7-4668-BE54-9A1E7A4F7556}") = "Clase1Ejercicio5", "Clase1Ejercicio5\Clase1Ejercicio5.csproj", "{06FEF7AF-567B-4DF0-A23F-7C65F69D89FF}"
EndProject
Project("{2150E333-8FDC-42A3-9474-1A3956D46DE8}") = "4- Sobrecarga", "4- Sobrecarga", "{44D219F0-C35B-4A50-9985-7BB32EDC9B53}"
EndProject
Project("{9A19103F-16F7-4668-BE54-9A1E7A4F7556}") = "SobrecargaConstructorApp", "PracticaSobrecargaConstr\SobrecargaConstructorApp.csproj", "{1C03F64D-6500-41B0-9C40-87A5D719080E}"
EndProject
Project("{9A19103F-16F7-4668-BE54-9A1E7A4F7556}") = "SobrecargaOperadoresCoversionExplicitaApp", "SobrecargaOperadoresCoversionExplicitaApp\SobrecargaOperadoresCoversionExplicitaApp.csproj", "{018140FC-3BBB-4E53-B0C8-C4185F8631AC}"
EndProject
Project("{9A19103F-16F7-4668-BE54-9A1E7A4F7556}") = "SobrecargaOperadoresCoversionImplicitoApp", "SobrecargaOperadoresCoversionImplicitoApp\SobrecargaOperadoresCoversionImplicitoApp.csproj", "{C4797108-F6E1-442E-B6E0-BBCE706DDC37}"
EndProject
Project("{9A19103F-16F7-4668-BE54-9A1E7A4F7556}") = "SobrecargaOperadoresEj1", "SobrecargaOperadoresEj1\SobrecargaOperadoresEj1.csproj", "{2DC37502-F452-44F0-90F5-56B87517BB76}"
EndProject
Project("{9A19103F-16F7-4668-BE54-9A1E7A4F7556}") = "Clase4Ejercicio1", "Clase4Ejercicio1\Clase4Ejercicio1.csproj", "{8F0E186A-E454-40D9-8FCB-78753E249B6A}"
EndProject
Project("{9A19103F-16F7-4668-BE54-9A1E7A4F7556}") = "Billetes", "Billetes\Billetes.csproj", "{9CC76301-1A64-41D0-98DE-E98682B4E429}"
EndProject
Project("{9A19103F-16F7-4668-BE54-9A1E7A4F7556}") = "Clase4Ejercicio2", "Clase4Ejercicio2\Clase4Ejercicio2.csproj", "{1216301A-08D5-4C7B-9F9E-5A90B54D5901}"
EndProject
Project("{9A19103F-16F7-4668-BE54-9A1E7A4F7556}") = "Clase1Ejercicio6", "Clase1Ejercicio6\Clase1Ejercicio6.csproj", "{2DAAD2F8-FC0A-4459-9108-BECE06227E8F}"
EndProject
Project("{9A19103F-16F7-4668-BE54-9A1E7A4F7556}") = "Clase1Ejercicio6Alternativa", "Clase1Ejercicio6Alternativa\Clase1Ejercicio6Alternativa.csproj", "{CCB58B55-0886-48A7-9BB9-7E0D07B05C3F}"
EndProject
Project("{9A19103F-16F7-4668-BE54-9A1E7A4F7556}") = "Clase1Ejercicio7", "Clase1Ejercicio7\Clase1Ejercicio7.csproj", "{2028EDF6-C8B1-4C44-B3F9-DE278C3F2B7C}"
EndProject
Project("{9A19103F-16F7-4668-BE54-9A1E7A4F7556}") = "PracticaArray1", "PracticaArray1\PracticaArray1.csproj", "{FD6B1EB6-F7C6-4BE8-834F-5E956C12B77C}"
EndProject
Project("{2150E333-8FDC-42A3-9474-1A3956D46DE8}") = "5- Arrays y Colecciones", "5- Arrays y Colecciones", "{0F97DB8E-0A79-4158-932D-EB22FB2AC038}"
EndProject
Project("{9A19103F-16F7-4668-BE54-9A1E7A4F7556}") = "PracticaColecciones1", "PracticaColecciones1\PracticaColecciones1.csproj", "{96FEE14E-DC4A-4016-862F-176AAFB1522E}"
EndProject
Project("{9A19103F-16F7-4668-BE54-9A1E7A4F7556}") = "Clase6Ejercicio1Formulario", "Clase6Ejercicio1Formulario\Clase6Ejercicio1Formulario.csproj", "{FD0185BF-82B5-4BD2-8D63-7C0900708E58}"
EndProject
Project("{9A19103F-16F7-4668-BE54-9A1E7A4F7556}") = "FormularioSaludo", "FormularioSaludo\FormularioSaludo.csproj", "{AF444144-77DC-4739-AAB8-19325B2D09AD}"
EndProject
Project("{9A19103F-16F7-4668-BE54-9A1E7A4F7556}") = "Clase5Ejercicio1", "Clase5Ejercicio1\Clase5Ejercicio1.csproj", "{CD2615C3-2621-489D-8C82-8B6225E5C794}"
EndProject
Project("{9A19103F-16F7-4668-BE54-9A1E7A4F7556}") = "Clase5Ejercicio2", "Clase5Ejercicio2\Clase5Ejercicio2.csproj", "{D1FA7F4D-187D-4B86-9055-F82D4FE0F50D}"
EndProject
Project("{2150E333-8FDC-42A3-9474-1A3956D46DE8}") = "6- Windows Forms", "6- Windows Forms", "{B81BBCFE-E3C0-49B8-A1B9-8DC2B63D98B5}"
EndProject
Project("{9A19103F-16F7-4668-BE54-9A1E7A4F7556}") = "BibliotecaClases2", "BibliotecaClass\BibliotecaClases2.csproj", "{51D2C779-7772-4109-B4CE-D5AC57881E93}"
EndProject
Project("{9A19103F-16F7-4668-BE54-9A1E7A4F7556}") = "Clase6Ejercicio2FrmRegistro", "Registro\Clase6Ejercicio2FrmRegistro.csproj", "{CD51DB06-4403-46AF-837D-18A34A5EF350}"
EndProject
Project("{9A19103F-16F7-4668-BE54-9A1E7A4F7556}") = "WinFormsAppSingleAndSeparationResponsability", "WinFormsAppSingleAndSeparationResponsability\WinFormsAppSingleAndSeparationResponsability.csproj", "{D410FD34-4404-4E26-8ECE-F5A2CD464130}"
EndProject
Project("{9A19103F-16F7-4668-BE54-9A1E7A4F7556}") = "BibliotecaClasesPropia", "BibliotecaClasesPropia\BibliotecaClasesPropia.csproj", "{26452553-52E3-4383-898B-0292802A03D9}"
EndProject
Project("{2150E333-8FDC-42A3-9474-1A3956D46DE8}") = "D- Principio de separación de preocupaciones (SoC)", "D- Principio de separación de preocupaciones (SoC)", "{65073378-EE81-4DD2-AD63-B50479590454}"
EndProject
Project("{2150E333-8FDC-42A3-9474-1A3956D46DE8}") = "A- 4 Pilares de Programacion POO", "A- 4 Pilares de Programacion POO", "{00ECF822-F77E-44B7-83DE-2DA0FB86ABCC}"
EndProject
Project("{2150E333-8FDC-42A3-9474-1A3956D46DE8}") = "B- Principio Dry", "B- Principio Dry", "{507C0257-3C1E-43FB-9AF8-68FEF3DA0BEF}"
EndProject
Project("{2150E333-8FDC-42A3-9474-1A3956D46DE8}") = "C- Principios SOLID", "C- Principios SOLID", "{FBD92D53-1F9F-40D6-885A-020741A3E9E4}"
EndProject
Project("{2150E333-8FDC-42A3-9474-1A3956D46DE8}") = "Practica implementacion login ejemplo 1", "Practica implementacion login ejemplo 1", "{1A83D562-C515-4452-B4CF-3E262140068A}"
EndProject
Project("{9A19103F-16F7-4668-BE54-9A1E7A4F7556}") = "BibliotecaClasesEjemploLogin", "BibliotecaClasesEjemploLogin\BibliotecaClasesEjemploLogin.csproj", "{2FEBEBE1-3A10-436D-B64D-D509656DD106}"
EndProject
Project("{9A19103F-16F7-4668-BE54-9A1E7A4F7556}") = "WinFormsAppPracticaLogin1", "WinFormsAppPracticaLogin1\WinFormsAppPracticaLogin1.csproj", "{56EF835B-B346-4A1E-BA0A-8E3A441804C5}"
EndProject
Project("{2150E333-8FDC-42A3-9474-1A3956D46DE8}") = "1- Single Responsibility Principle ( SRP )", "1- Single Responsibility Principle ( SRP )", "{0AE92237-470F-494F-B8B2-097B100359DE}"
EndProject
Project("{9A19103F-16F7-4668-BE54-9A1E7A4F7556}") = "PrincipioSolidSingleResponsailityAPP", "PrincipioSolidSingleResponsailityAPP\PrincipioSolidSingleResponsailityAPP.csproj", "{E5FECB9C-3789-4DDC-878C-C4FD4F876E56}"
EndProject
Project("{9A19103F-16F7-4668-BE54-9A1E7A4F7556}") = "BibliotecaClasesS", "BibliotecaClasesSOLID\BibliotecaClasesS.csproj", "{A341BDBD-079C-4462-AFF9-649D36BEA61A}"
EndProject
Project("{2150E333-8FDC-42A3-9474-1A3956D46DE8}") = "2- Open - Closed Principle (OCP)", "2- Open - Closed Principle (OCP)", "{4E8A23E5-181A-4D80-B968-CCDBB4E5A24C}"
EndProject
Project("{9A19103F-16F7-4668-BE54-9A1E7A4F7556}") = "BibliotecaClasesO", "BibliotecaClasesO\BibliotecaClasesO.csproj", "{EB99061B-04B8-4181-B396-0BA1BD249A4A}"
EndProject
Project("{9A19103F-16F7-4668-BE54-9A1E7A4F7556}") = "PrincipioSolidOpen_ClosedAPP", "PrincipioSolidOpen_ClosedAPP\PrincipioSolidOpen_ClosedAPP.csproj", "{6ABF89E3-79C1-4F68-8844-3A2C9C632743}"
EndProject
Project("{2150E333-8FDC-42A3-9474-1A3956D46DE8}") = "3- Liskov Substitution Principle (LSP)", "3- Liskov Substitution Principle (LSP)", "{A59940A1-538E-4A83-A696-36A5B25494A7}"
EndProject
Project("{9A19103F-16F7-4668-BE54-9A1E7A4F7556}") = "PrincipioSolidLiskovSubstitutionPrincipleAPP", "PrincipioSolidLiskovSubstitutionPrincipleAPP\PrincipioSolidLiskovSubstitutionPrincipleAPP.csproj", "{BA94807B-50FB-4647-B7AD-D8B8D86EC13E}"
EndProject
Project("{9A19103F-16F7-4668-BE54-9A1E7A4F7556}") = "BibliotecaClassL", "BibliotecaClassL\BibliotecaClassL.csproj", "{226DC83D-B005-4AC3-B3BD-5AC589E59225}"
EndProject
Project("{2150E333-8FDC-42A3-9474-1A3956D46DE8}") = "4- Interface Segregacion Principle (ISP)", "4- Interface Segregacion Principle (ISP)", "{1345B2FD-3BC1-44E3-B270-647DF0431447}"
EndProject
Project("{2150E333-8FDC-42A3-9474-1A3956D46DE8}") = "5- Inversion de Dependencia Principle(DIP)", "5- Inversion de Dependencia Principle(DIP)", "{90FB3AA3-681C-4B66-ADCB-3F0A2637DE57}"
EndProject
Project("{2150E333-8FDC-42A3-9474-1A3956D46DE8}") = "Practicas Varias", "Practicas Varias", "{F4AF8B5B-0926-4FCF-9102-2E2AE12196D2}"
EndProject
Project("{9A19103F-16F7-4668-BE54-9A1E7A4F7556}") = "PolimorfismoDudasAPP", "PolimorfismoDudasAPP\PolimorfismoDudasAPP.csproj", "{EF0CD8CF-FBAA-4F39-B9F9-FDE258A1AD03}"
EndProject
Project("{9A19103F-16F7-4668-BE54-9A1E7A4F7556}") = "BibliotecaClassPolimorfismo", "BibliotecaClassPolimorfismo\BibliotecaClassPolimorfismo.csproj", "{7AC28458-DD01-4511-8389-BEFFD960AB8B}"
EndProject
Project("{2150E333-8FDC-42A3-9474-1A3956D46DE8}") = "Indexadores", "Indexadores", "{02D8601E-A0D1-4B61-B168-B0A07C024610}"
EndProject
Project("{9A19103F-16F7-4668-BE54-9A1E7A4F7556}") = "PracticaIndexadoresApp", "PracticaIndexadoresApp\PracticaIndexadoresApp.csproj", "{A003FCB9-8D9A-4ADA-B538-7A41288C6BD5}"
EndProject
Project("{9A19103F-16F7-4668-BE54-9A1E7A4F7556}") = "LibreriaClasesIndexadores", "LibreriaClasesIndexadores\LibreriaClasesIndexadores.csproj", "{CB408C2E-8F22-400C-A1E0-67BD5A8123B1}"
EndProject
Project("{2150E333-8FDC-42A3-9474-1A3956D46DE8}") = "Patron de diseño Adapter - Patron Estructural", "Patron de diseño Adapter - Patron Estructural", "{DA0CF598-E52A-4EDE-8438-41F941621C03}"
EndProject
Project("{9A19103F-16F7-4668-BE54-9A1E7A4F7556}") = "BibliotecaClaseAdapter", "BibliotecaClaseAdapter\BibliotecaClaseAdapter.csproj", "{CFE71602-598C-41BE-91BF-232C1F00B010}"
EndProject
Project("{9A19103F-16F7-4668-BE54-9A1E7A4F7556}") = "PatronDeDiseñoAdapterAPP", "PatronDeDiseñoAdapterAPP\PatronDeDiseñoAdapterAPP.csproj", "{0CBE9B01-F108-42C5-A649-D9998464C84D}"
EndProject
Project("{2150E333-8FDC-42A3-9474-1A3956D46DE8}") = "Patron de diseño Singleton - Patron Creacional", "Patron de diseño Singleton - Patron Creacional", "{1746DAB5-913B-4E6B-8D22-E70291C4642F}"
EndProject
Project("{9A19103F-16F7-4668-BE54-9A1E7A4F7556}") = "PatronDeDiseñoSingletonApp", "PatronDeDiseñoSingletonApp\PatronDeDiseñoSingletonApp.csproj", "{D2958EEE-7E25-4566-A72E-2E49B58DDEF3}"
EndProject
Project("{9A19103F-16F7-4668-BE54-9A1E7A4F7556}") = "BibliotecaClasesSingleton", "BibliotecaClasesSingleton\BibliotecaClasesSingleton.csproj", "{77805096-AD77-4EEE-B689-FF1381274BF9}"
EndProject
Project("{2150E333-8FDC-42A3-9474-1A3956D46DE8}") = "Patron de Diseño Factory Method - Patron Creacional", "Patron de Diseño Factory Method - Patron Creacional", "{0FD3E55B-A6D9-4D29-B22E-B5F083593762}"
EndProject
Project("{9A19103F-16F7-4668-BE54-9A1E7A4F7556}") = "PatronDeDiseñoFactoryMethodAPP", "PatronDeDiseñoFactoryMethodAPP\PatronDeDiseñoFactoryMethodAPP.csproj", "{528BAC4C-AC58-47D3-9701-71E184052651}"
EndProject
Project("{9A19103F-16F7-4668-BE54-9A1E7A4F7556}") = "BibliotecaClassFactoryMethod", "BibliotecaClassFactoryMethod\BibliotecaClassFactoryMethod.csproj", "{8506CFCE-68A5-4AB1-9AAE-F7BCE9BB3548}"
EndProject
Project("{2150E333-8FDC-42A3-9474-1A3956D46DE8}") = "Patron Diseño Factory Method - Patron Creacional -Otra manera", "Patron Diseño Factory Method - Patron Creacional -Otra manera", "{BDBBFCA8-7623-47C0-97F9-13E3F4560BCD}"
EndProject
Project("{9A19103F-16F7-4668-BE54-9A1E7A4F7556}") = "PatronDeDiseñoFactoryMethods", "PatronDeDiseñoFactoryMethods\PatronDeDiseñoFactoryMethods.csproj", "{61EC55B5-4AD8-41D2-8D89-09B0AD0DE37A}"
EndProject
Project("{9A19103F-16F7-4668-BE54-9A1E7A4F7556}") = "BibliotecaDeClasesFactoryMethodsMejorado", "BibliotecaDeClasesFactoryMethodsMejorado\BibliotecaDeClasesFactoryMethodsMejorado.csproj", "{028732B7-1776-47AA-BE67-FEF1F1E55D5E}"
EndProject
Project("{2150E333-8FDC-42A3-9474-1A3956D46DE8}") = "Practica de Herencia", "Practica de Herencia", "{9CA3EFBE-0595-46F7-A42A-99E0689F2409}"
EndProject
Project("{9A19103F-16F7-4668-BE54-9A1E7A4F7556}") = "practicaHerenciaAPP", "practicaHerenciaAPP\practicaHerenciaAPP.csproj", "{59694BDB-C37F-44C5-BF99-FB03E6A8F6C0}"
EndProject
Project("{9A19103F-16F7-4668-BE54-9A1E7A4F7556}") = "BibliotecaParaHerencia", "BibliotecaParaHerencia\BibliotecaParaHerencia.csproj", "{9EC53B46-1322-4291-B5CD-313671D993B0}"
EndProject
Project("{2150E333-8FDC-42A3-9474-1A3956D46DE8}") = "Herencia - Interface - Polimorfismo - Abstract - Injec Dependency", "Herencia - Interface - Polimorfismo - Abstract - Injec Dependency", "{59D90815-B97E-4420-8C7B-7DF611D01F4C}"
EndProject
Project("{9A19103F-16F7-4668-BE54-9A1E7A4F7556}") = "BibliotecaClassIversionDependency", "BibliotecaClassIversionDependency\BibliotecaClassIversionDependency.csproj", "{B201042F-553A-4F48-B3F5-5CD8AC97910D}"
EndProject
Project("{9A19103F-16F7-4668-BE54-9A1E7A4F7556}") = "InversionDependencyPrincipleAPP", "InversionDependencyPrincipleAPP\InversionDependencyPrincipleAPP.csproj", "{EF55C18C-B193-4D08-9ABD-F785F4A978B6}"
EndProject
Project("{9A19103F-16F7-4668-BE54-9A1E7A4F7556}") = "BiliotecaClassInterfaceSegregation", "BiliotecaClassInterfaceSegregation\BiliotecaClassInterfaceSegregation.csproj", "{EFEB0357-A603-4AD2-9C7D-C61138136AE9}"
EndProject
Project("{9A19103F-16F7-4668-BE54-9A1E7A4F7556}") = "ConsoleAppInternalEjemplo", "ConsoleAppInternalEjemplo\ConsoleAppInternalEjemplo.csproj", "{11539539-6DF1-49DB-A38D-9CD3F973B37F}"
EndProject
Project("{2150E333-8FDC-42A3-9474-1A3956D46DE8}") = "Practica Modificador acceso Internal", "Practica Modificador acceso Internal", "{AD34F6EE-F5D8-4FAA-8E69-0073E7CAC4FA}"
EndProject
Project("{9A19103F-16F7-4668-BE54-9A1E7A4F7556}") = "BibliotecaClassEjemploInternal", "BibliotecaClassEjemploInternal\BibliotecaClassEjemploInternal.csproj", "{9AF07785-8FD3-4B3F-AC5B-8E1914057585}"
EndProject
Project("{9A19103F-16F7-4668-BE54-9A1E7A4F7556}") = "BibliotecaClassDiseñadorUML_ejemplo", "BibliotecaClassDiseñadorUML_ejemplo\BibliotecaClassDiseñadorUML_ejemplo.csproj", "{654BA016-6D1A-48A0-B535-8539B8108C52}"
EndProject
Project("{2150E333-8FDC-42A3-9474-1A3956D46DE8}") = "EjemploUSO_UML", "EjemploUSO_UML", "{8E997E4D-4330-4D43-8DA2-2F4AF70CA4EB}"
EndProject
Project("{9A19103F-16F7-4668-BE54-9A1E7A4F7556}") = "TestProjectEjemploBasico", "TestProjectEjemploBasico\TestProjectEjemploBasico.csproj", "{804B4C9B-E53B-4EBE-91B1-D370311D0412}"
EndProject
Project("{9A19103F-16F7-4668-BE54-9A1E7A4F7556}") = "BibliotecaClassPatronDRepository", "BibliotecaClassPatronDRepository\BibliotecaClassPatronDRepository.csproj", "{8634FF01-8AA7-41B5-9585-76F973A2A662}"
EndProject
Project("{2150E333-8FDC-42A3-9474-1A3956D46DE8}") = "Patron de Diseño  Strategy - Inyeccion de Dependencia - ejemplo simple", "Patron de Diseño  Strategy - Inyeccion de Dependencia - ejemplo simple", "{F8CF8B28-ED6D-4063-9C15-3805AE17A428}"
EndProject
Project("{9A19103F-16F7-4668-BE54-9A1E7A4F7556}") = "BibliotecaClassEjemploDeHerenciaDeInterface", "BibliotecaClassEjemploDeHerenciaDeInterface\BibliotecaClassEjemploDeHerenciaDeInterface.csproj", "{BD7D5187-CB5F-4998-8510-47C7F1F1E556}"
EndProject
Project("{2150E333-8FDC-42A3-9474-1A3956D46DE8}") = "Ejemplo de Herencia de Interfaces", "Ejemplo de Herencia de Interfaces", "{847F1160-3EB2-44E1-A002-0FB8CE8322EC}"
EndProject
Project("{9A19103F-16F7-4668-BE54-9A1E7A4F7556}") = "TestHerenciaInterfaces", "TestProject2\TestHerenciaInterfaces.csproj", "{D5F7112D-8C52-4DCE-BD78-CA64EBB2C23C}"
EndProject
Project("{9A19103F-16F7-4668-BE54-9A1E7A4F7556}") = "BibliotecaClassEjemploPracticaHerenciaDeInterfacePatronDCommand", "BibliotecaClassEjemploPracticaHerenciaDeInterfacePatronDCommand\BibliotecaClassEjemploPracticaHerenciaDeInterfacePatronDCommand.csproj", "{8F0887C4-4259-4C96-82AD-50B43FBEEA83}"
EndProject
Project("{2150E333-8FDC-42A3-9474-1A3956D46DE8}") = "Patron de Diseño Command - Patron de comportamiento", "Patron de Diseño Command - Patron de comportamiento", "{D02ECF65-B995-4220-88BE-50F6834DEBEB}"
EndProject
Project("{9A19103F-16F7-4668-BE54-9A1E7A4F7556}") = "ConsoleApp4PilaresPOO", "ConsoleApp4PilaresPOO\ConsoleApp4PilaresPOO.csproj", "{976B4E95-6AAB-45B3-8DBB-9F867533CDA6}"
EndProject
Project("{2150E333-8FDC-42A3-9474-1A3956D46DE8}") = "Test Unitarios MS test", "Test Unitarios MS test", "{B05D2376-5AFF-4900-9A53-42F40633EE10}"
EndProject
Project("{2150E333-8FDC-42A3-9474-1A3956D46DE8}") = "Patron de Diseño Strategy - Patron de comportamiento", "Patron de Diseño Strategy - Patron de comportamiento", "{7D581519-AF56-4147-AD73-93A737BD645C}"
EndProject
Project("{9A19103F-16F7-4668-BE54-9A1E7A4F7556}") = "BibliotecaClassPatronDiseñoStrategy", "BibliotecaClassPatronDiseñoStrategy\BibliotecaClassPatronDiseñoStrategy.csproj", "{5CB5C670-0CBD-4953-91C3-804D527C8AD9}"
EndProject
Project("{9A19103F-16F7-4668-BE54-9A1E7A4F7556}") = "ConsolePatronDiseñoStrategyAPP", "ConsolePatronDiseñoStrategyAPP\ConsolePatronDiseñoStrategyAPP.csproj", "{039C9B9C-DAEA-4CAE-8B2B-DD7511BF9A88}"
EndProject
Project("{9A19103F-16F7-4668-BE54-9A1E7A4F7556}") = "AppRestorantPatronCommando", "AppRestorantPatronCommando\AppRestorantPatronCommando.csproj", "{A71C4E66-DCB3-4710-9ECA-C386F8FCA3BB}"
EndProject
Project("{9A19103F-16F7-4668-BE54-9A1E7A4F7556}") = "BibliotecaPracticaIPlatosPatronComposite", "BibliotecaPracticaIPlatosPatronComposite\BibliotecaPracticaIPlatosPatronComposite.csproj", "{6717E60A-B778-4205-A10F-0460D9A99C6F}"
EndProject
Project("{2150E333-8FDC-42A3-9474-1A3956D46DE8}") = "Pratica IPlatos y menu ejecutivo - TP", "Pratica IPlatos y menu ejecutivo - TP", "{E28C4ECD-B18E-4715-B46D-CA6B86A2BCA0}"
EndProject
Project("{9A19103F-16F7-4668-BE54-9A1E7A4F7556}") = "ConsoleAppPracticaObjStatic", "ConsoleAppPracticaObjStatic\ConsoleAppPracticaObjStatic.csproj", "{8AD28110-D771-4DF4-B133-DC3939ABFE4F}"
EndProject
Project("{9A19103F-16F7-4668-BE54-9A1E7A4F7556}") = "ClassLibraryPracticaObjStatic", "ClassLibraryPracticaObjStatic\ClassLibraryPracticaObjStatic.csproj", "{2BEA0930-87B7-41D7-BCED-5A917C6F5743}"
EndProject
Project("{2150E333-8FDC-42A3-9474-1A3956D46DE8}") = "Practica con Objetos con atrib static", "Practica con Objetos con atrib static", "{C5A46E61-38AF-4D6C-80AB-D8DD384299C8}"
EndProject
Project("{9A19103F-16F7-4668-BE54-9A1E7A4F7556}") = "PracticaCompositeAPP", "PracticaCompositeAPP\PracticaCompositeAPP.csproj", "{75A3E4D2-B0FE-4759-A04E-4BEBA44AEF00}"
EndProject
Project("{2150E333-8FDC-42A3-9474-1A3956D46DE8}") = "Practica Patron Composite", "Practica Patron Composite", "{43E3F43A-14A9-44A9-9C9E-7A19EA1A2125}"
EndProject
Project("{9A19103F-16F7-4668-BE54-9A1E7A4F7556}") = "BibliotecaClassPatronComposite", "BibliotecaClassPatronComposite\BibliotecaClassPatronComposite.csproj", "{77C27597-5DBE-4FAD-8B60-FA3059E7D40F}"
EndProject
Project("{2150E333-8FDC-42A3-9474-1A3956D46DE8}") = "BibliotecaClassEjerciciosUTN", "BibliotecaClassEjerciciosUTN", "{F36F207F-F7CD-4923-B147-795AF86E6A98}"
EndProject
Project("{9A19103F-16F7-4668-BE54-9A1E7A4F7556}") = "PatronCompositeAPP", "PatronCompositeAPP\PatronCompositeAPP.csproj", "{F7130A12-AEEE-4AFC-89E7-05B5E4584433}"
EndProject
Project("{2150E333-8FDC-42A3-9474-1A3956D46DE8}") = "Patron de Diseño Composite - Patron Estructural", "Patron de Diseño Composite - Patron Estructural", "{2A2A535A-4FF6-44B5-AC5E-1D91DEAC0B6D}"
EndProject
Project("{FAE04EC0-301F-11D3-BF4B-00C04F79EFBC}") = "DelegadosPractica0", "DelegadosYLambdaAPP\DelegadosPractica0.csproj", "{6B4ED851-C834-4C3F-93FB-F5A0158CB326}"
EndProject
Project("{2150E333-8FDC-42A3-9474-1A3956D46DE8}") = "7- Colecciones", "7- Colecciones", "{459F969B-BDF9-431F-B9F8-8B79AAB55EF7}"
EndProject
Project("{2150E333-8FDC-42A3-9474-1A3956D46DE8}") = "8- Encapsulamiento", "8- Encapsulamiento", "{3F9D4249-9802-4F60-A21A-DF545F400DCE}"
EndProject
Project("{2150E333-8FDC-42A3-9474-1A3956D46DE8}") = "9- Herencia", "9- Herencia", "{76CD4BE0-37A9-48DC-8110-F5E1C4F3661D}"
EndProject
Project("{2150E333-8FDC-42A3-9474-1A3956D46DE8}") = "10- Polimorfismo", "10- Polimorfismo", "{500C0274-232B-4F1F-BC0A-04CB46D55588}"
EndProject
Project("{2150E333-8FDC-42A3-9474-1A3956D46DE8}") = "11- Excepciones", "11- Excepciones", "{1DED608A-EF37-48B0-98CB-93BD6A8F4A78}"
EndProject
Project("{2150E333-8FDC-42A3-9474-1A3956D46DE8}") = "12- Test Unitarios", "12- Test Unitarios", "{27874A44-D089-4BF9-B8BB-92136DBD7920}"
EndProject
Project("{2150E333-8FDC-42A3-9474-1A3956D46DE8}") = "13- Tipos Genericos", "13- Tipos Genericos", "{03198C7F-90AB-4964-ABAD-B30AD60638E8}"
EndProject
Project("{2150E333-8FDC-42A3-9474-1A3956D46DE8}") = "14- Interfaces", "14- Interfaces", "{503DD259-3B1E-4BA9-9997-2E2FE92490FA}"
EndProject
Project("{2150E333-8FDC-42A3-9474-1A3956D46DE8}") = "15- Archivos", "15- Archivos", "{4B7665C4-0BB7-4C32-A0CB-0506A358E5A1}"
EndProject
Project("{2150E333-8FDC-42A3-9474-1A3956D46DE8}") = "16- Serializacion", "16- Serializacion", "{4C0A481C-7AAF-4383-8449-55675334FB25}"
EndProject
Project("{2150E333-8FDC-42A3-9474-1A3956D46DE8}") = "17- Intro a SQL", "17- Intro a SQL", "{791508C9-9CFA-4014-8013-FA7D5CE7D4E1}"
EndProject
Project("{2150E333-8FDC-42A3-9474-1A3956D46DE8}") = "18- Bases de Datos", "18- Bases de Datos", "{ADDE5683-EDE3-451D-BA7F-8B91F904826D}"
EndProject
Project("{2150E333-8FDC-42A3-9474-1A3956D46DE8}") = "19- Delegados y Lambda", "19- Delegados y Lambda", "{46098C0C-1B2E-41E0-91E5-CE48E29B6CD9}"
EndProject
Project("{2150E333-8FDC-42A3-9474-1A3956D46DE8}") = "20- Programacion Multi hilos - Threads - Concurrencia", "20- Programacion Multi hilos - Threads - Concurrencia", "{ADB81690-1184-4EFC-B718-7E71F4FA44A2}"
EndProject
Project("{2150E333-8FDC-42A3-9474-1A3956D46DE8}") = "21- Eventos", "21- Eventos", "{13CA1410-9D37-4604-9A7D-E8BF09D44319}"
EndProject
Project("{2150E333-8FDC-42A3-9474-1A3956D46DE8}") = "22- Metodos de Extension", "22- Metodos de Extension", "{8237DCF1-7093-40C5-8771-25FF29072E6F}"
EndProject
Project("{2150E333-8FDC-42A3-9474-1A3956D46DE8}") = "0-Materiales de la Cursada", "0-Materiales de la Cursada", "{D3548E18-6C4B-40E4-884F-C716DEC55EC8}"
EndProject
Project("{FAE04EC0-301F-11D3-BF4B-00C04F79EFBC}") = "ConsoleAppMaterial", "ConsoleAppMaterial\ConsoleAppMaterial.csproj", "{68291A7F-7DAD-48EF-B804-B7CBB68317C7}"
EndProject
Project("{FAE04EC0-301F-11D3-BF4B-00C04F79EFBC}") = "DelegadosPractica1", "DelegadosPracticaAPP\DelegadosPractica1.csproj", "{8FD9F284-8A86-48D1-8ADD-578FE6324A43}"
EndProject
Global
	GlobalSection(SolutionConfigurationPlatforms) = preSolution
		Debug|Any CPU = Debug|Any CPU
		Release|Any CPU = Release|Any CPU
	EndGlobalSection
	GlobalSection(ProjectConfigurationPlatforms) = postSolution
		{51C6908F-9712-4476-8C96-296DFDA1F5AF}.Debug|Any CPU.ActiveCfg = Debug|Any CPU
		{51C6908F-9712-4476-8C96-296DFDA1F5AF}.Debug|Any CPU.Build.0 = Debug|Any CPU
		{51C6908F-9712-4476-8C96-296DFDA1F5AF}.Release|Any CPU.ActiveCfg = Release|Any CPU
		{51C6908F-9712-4476-8C96-296DFDA1F5AF}.Release|Any CPU.Build.0 = Release|Any CPU
		{78190B76-FDB6-467C-BAD0-F4626F541CA7}.Debug|Any CPU.ActiveCfg = Debug|Any CPU
		{78190B76-FDB6-467C-BAD0-F4626F541CA7}.Debug|Any CPU.Build.0 = Debug|Any CPU
		{78190B76-FDB6-467C-BAD0-F4626F541CA7}.Release|Any CPU.ActiveCfg = Release|Any CPU
		{78190B76-FDB6-467C-BAD0-F4626F541CA7}.Release|Any CPU.Build.0 = Release|Any CPU
		{B5C2B10B-EFD2-401A-BD7D-9C2D6A2D3D96}.Debug|Any CPU.ActiveCfg = Debug|Any CPU
		{B5C2B10B-EFD2-401A-BD7D-9C2D6A2D3D96}.Debug|Any CPU.Build.0 = Debug|Any CPU
		{B5C2B10B-EFD2-401A-BD7D-9C2D6A2D3D96}.Release|Any CPU.ActiveCfg = Release|Any CPU
		{B5C2B10B-EFD2-401A-BD7D-9C2D6A2D3D96}.Release|Any CPU.Build.0 = Release|Any CPU
		{8F8CD2E2-F562-4161-A427-35CDA06EBFD2}.Debug|Any CPU.ActiveCfg = Debug|Any CPU
		{8F8CD2E2-F562-4161-A427-35CDA06EBFD2}.Debug|Any CPU.Build.0 = Debug|Any CPU
		{8F8CD2E2-F562-4161-A427-35CDA06EBFD2}.Release|Any CPU.ActiveCfg = Release|Any CPU
		{8F8CD2E2-F562-4161-A427-35CDA06EBFD2}.Release|Any CPU.Build.0 = Release|Any CPU
		{EB6F38FF-F06D-400F-8854-8B617A84518F}.Debug|Any CPU.ActiveCfg = Debug|Any CPU
		{EB6F38FF-F06D-400F-8854-8B617A84518F}.Debug|Any CPU.Build.0 = Debug|Any CPU
		{EB6F38FF-F06D-400F-8854-8B617A84518F}.Release|Any CPU.ActiveCfg = Release|Any CPU
		{EB6F38FF-F06D-400F-8854-8B617A84518F}.Release|Any CPU.Build.0 = Release|Any CPU
		{9D4DA2F8-BFE4-4896-94C4-4F955139D198}.Debug|Any CPU.ActiveCfg = Debug|Any CPU
		{9D4DA2F8-BFE4-4896-94C4-4F955139D198}.Debug|Any CPU.Build.0 = Debug|Any CPU
		{9D4DA2F8-BFE4-4896-94C4-4F955139D198}.Release|Any CPU.ActiveCfg = Release|Any CPU
		{9D4DA2F8-BFE4-4896-94C4-4F955139D198}.Release|Any CPU.Build.0 = Release|Any CPU
		{9F298B9A-09B1-45E2-8F40-0DABD37AEE38}.Debug|Any CPU.ActiveCfg = Debug|Any CPU
		{9F298B9A-09B1-45E2-8F40-0DABD37AEE38}.Debug|Any CPU.Build.0 = Debug|Any CPU
		{9F298B9A-09B1-45E2-8F40-0DABD37AEE38}.Release|Any CPU.ActiveCfg = Release|Any CPU
		{9F298B9A-09B1-45E2-8F40-0DABD37AEE38}.Release|Any CPU.Build.0 = Release|Any CPU
		{4E331ED4-C0F7-4771-8549-2A6042366528}.Debug|Any CPU.ActiveCfg = Debug|Any CPU
		{4E331ED4-C0F7-4771-8549-2A6042366528}.Debug|Any CPU.Build.0 = Debug|Any CPU
		{4E331ED4-C0F7-4771-8549-2A6042366528}.Release|Any CPU.ActiveCfg = Release|Any CPU
		{4E331ED4-C0F7-4771-8549-2A6042366528}.Release|Any CPU.Build.0 = Release|Any CPU
		{4800F8F1-C5AF-46E6-A5C9-2A7AAD9D3ED7}.Debug|Any CPU.ActiveCfg = Debug|Any CPU
		{4800F8F1-C5AF-46E6-A5C9-2A7AAD9D3ED7}.Debug|Any CPU.Build.0 = Debug|Any CPU
		{4800F8F1-C5AF-46E6-A5C9-2A7AAD9D3ED7}.Release|Any CPU.ActiveCfg = Release|Any CPU
		{4800F8F1-C5AF-46E6-A5C9-2A7AAD9D3ED7}.Release|Any CPU.Build.0 = Release|Any CPU
		{F572B6A1-7E8F-46F8-B48F-00F525266A7B}.Debug|Any CPU.ActiveCfg = Debug|Any CPU
		{F572B6A1-7E8F-46F8-B48F-00F525266A7B}.Debug|Any CPU.Build.0 = Debug|Any CPU
		{F572B6A1-7E8F-46F8-B48F-00F525266A7B}.Release|Any CPU.ActiveCfg = Release|Any CPU
		{F572B6A1-7E8F-46F8-B48F-00F525266A7B}.Release|Any CPU.Build.0 = Release|Any CPU
		{08A04745-74F2-4617-B95D-9BD640BA5B7F}.Debug|Any CPU.ActiveCfg = Debug|Any CPU
		{08A04745-74F2-4617-B95D-9BD640BA5B7F}.Debug|Any CPU.Build.0 = Debug|Any CPU
		{08A04745-74F2-4617-B95D-9BD640BA5B7F}.Release|Any CPU.ActiveCfg = Release|Any CPU
		{08A04745-74F2-4617-B95D-9BD640BA5B7F}.Release|Any CPU.Build.0 = Release|Any CPU
		{CB5B2080-CE2A-464D-ABDF-B0A3D19149F8}.Debug|Any CPU.ActiveCfg = Debug|Any CPU
		{CB5B2080-CE2A-464D-ABDF-B0A3D19149F8}.Debug|Any CPU.Build.0 = Debug|Any CPU
		{CB5B2080-CE2A-464D-ABDF-B0A3D19149F8}.Release|Any CPU.ActiveCfg = Release|Any CPU
		{CB5B2080-CE2A-464D-ABDF-B0A3D19149F8}.Release|Any CPU.Build.0 = Release|Any CPU
		{785B339E-6C94-4ACD-80D6-11F2C457DCB5}.Debug|Any CPU.ActiveCfg = Debug|Any CPU
		{785B339E-6C94-4ACD-80D6-11F2C457DCB5}.Debug|Any CPU.Build.0 = Debug|Any CPU
		{785B339E-6C94-4ACD-80D6-11F2C457DCB5}.Release|Any CPU.ActiveCfg = Release|Any CPU
		{785B339E-6C94-4ACD-80D6-11F2C457DCB5}.Release|Any CPU.Build.0 = Release|Any CPU
		{06FEF7AF-567B-4DF0-A23F-7C65F69D89FF}.Debug|Any CPU.ActiveCfg = Debug|Any CPU
		{06FEF7AF-567B-4DF0-A23F-7C65F69D89FF}.Debug|Any CPU.Build.0 = Debug|Any CPU
		{06FEF7AF-567B-4DF0-A23F-7C65F69D89FF}.Release|Any CPU.ActiveCfg = Release|Any CPU
		{06FEF7AF-567B-4DF0-A23F-7C65F69D89FF}.Release|Any CPU.Build.0 = Release|Any CPU
		{1C03F64D-6500-41B0-9C40-87A5D719080E}.Debug|Any CPU.ActiveCfg = Debug|Any CPU
		{1C03F64D-6500-41B0-9C40-87A5D719080E}.Debug|Any CPU.Build.0 = Debug|Any CPU
		{1C03F64D-6500-41B0-9C40-87A5D719080E}.Release|Any CPU.ActiveCfg = Release|Any CPU
		{1C03F64D-6500-41B0-9C40-87A5D719080E}.Release|Any CPU.Build.0 = Release|Any CPU
		{018140FC-3BBB-4E53-B0C8-C4185F8631AC}.Debug|Any CPU.ActiveCfg = Debug|Any CPU
		{018140FC-3BBB-4E53-B0C8-C4185F8631AC}.Debug|Any CPU.Build.0 = Debug|Any CPU
		{018140FC-3BBB-4E53-B0C8-C4185F8631AC}.Release|Any CPU.ActiveCfg = Release|Any CPU
		{018140FC-3BBB-4E53-B0C8-C4185F8631AC}.Release|Any CPU.Build.0 = Release|Any CPU
		{C4797108-F6E1-442E-B6E0-BBCE706DDC37}.Debug|Any CPU.ActiveCfg = Debug|Any CPU
		{C4797108-F6E1-442E-B6E0-BBCE706DDC37}.Debug|Any CPU.Build.0 = Debug|Any CPU
		{C4797108-F6E1-442E-B6E0-BBCE706DDC37}.Release|Any CPU.ActiveCfg = Release|Any CPU
		{C4797108-F6E1-442E-B6E0-BBCE706DDC37}.Release|Any CPU.Build.0 = Release|Any CPU
		{2DC37502-F452-44F0-90F5-56B87517BB76}.Debug|Any CPU.ActiveCfg = Debug|Any CPU
		{2DC37502-F452-44F0-90F5-56B87517BB76}.Debug|Any CPU.Build.0 = Debug|Any CPU
		{2DC37502-F452-44F0-90F5-56B87517BB76}.Release|Any CPU.ActiveCfg = Release|Any CPU
		{2DC37502-F452-44F0-90F5-56B87517BB76}.Release|Any CPU.Build.0 = Release|Any CPU
		{8F0E186A-E454-40D9-8FCB-78753E249B6A}.Debug|Any CPU.ActiveCfg = Debug|Any CPU
		{8F0E186A-E454-40D9-8FCB-78753E249B6A}.Debug|Any CPU.Build.0 = Debug|Any CPU
		{8F0E186A-E454-40D9-8FCB-78753E249B6A}.Release|Any CPU.ActiveCfg = Release|Any CPU
		{8F0E186A-E454-40D9-8FCB-78753E249B6A}.Release|Any CPU.Build.0 = Release|Any CPU
		{9CC76301-1A64-41D0-98DE-E98682B4E429}.Debug|Any CPU.ActiveCfg = Debug|Any CPU
		{9CC76301-1A64-41D0-98DE-E98682B4E429}.Debug|Any CPU.Build.0 = Debug|Any CPU
		{9CC76301-1A64-41D0-98DE-E98682B4E429}.Release|Any CPU.ActiveCfg = Release|Any CPU
		{9CC76301-1A64-41D0-98DE-E98682B4E429}.Release|Any CPU.Build.0 = Release|Any CPU
		{1216301A-08D5-4C7B-9F9E-5A90B54D5901}.Debug|Any CPU.ActiveCfg = Debug|Any CPU
		{1216301A-08D5-4C7B-9F9E-5A90B54D5901}.Debug|Any CPU.Build.0 = Debug|Any CPU
		{1216301A-08D5-4C7B-9F9E-5A90B54D5901}.Release|Any CPU.ActiveCfg = Release|Any CPU
		{1216301A-08D5-4C7B-9F9E-5A90B54D5901}.Release|Any CPU.Build.0 = Release|Any CPU
		{2DAAD2F8-FC0A-4459-9108-BECE06227E8F}.Debug|Any CPU.ActiveCfg = Debug|Any CPU
		{2DAAD2F8-FC0A-4459-9108-BECE06227E8F}.Debug|Any CPU.Build.0 = Debug|Any CPU
		{2DAAD2F8-FC0A-4459-9108-BECE06227E8F}.Release|Any CPU.ActiveCfg = Release|Any CPU
		{2DAAD2F8-FC0A-4459-9108-BECE06227E8F}.Release|Any CPU.Build.0 = Release|Any CPU
		{CCB58B55-0886-48A7-9BB9-7E0D07B05C3F}.Debug|Any CPU.ActiveCfg = Debug|Any CPU
		{CCB58B55-0886-48A7-9BB9-7E0D07B05C3F}.Debug|Any CPU.Build.0 = Debug|Any CPU
		{CCB58B55-0886-48A7-9BB9-7E0D07B05C3F}.Release|Any CPU.ActiveCfg = Release|Any CPU
		{CCB58B55-0886-48A7-9BB9-7E0D07B05C3F}.Release|Any CPU.Build.0 = Release|Any CPU
		{2028EDF6-C8B1-4C44-B3F9-DE278C3F2B7C}.Debug|Any CPU.ActiveCfg = Debug|Any CPU
		{2028EDF6-C8B1-4C44-B3F9-DE278C3F2B7C}.Debug|Any CPU.Build.0 = Debug|Any CPU
		{2028EDF6-C8B1-4C44-B3F9-DE278C3F2B7C}.Release|Any CPU.ActiveCfg = Release|Any CPU
		{2028EDF6-C8B1-4C44-B3F9-DE278C3F2B7C}.Release|Any CPU.Build.0 = Release|Any CPU
		{FD6B1EB6-F7C6-4BE8-834F-5E956C12B77C}.Debug|Any CPU.ActiveCfg = Debug|Any CPU
		{FD6B1EB6-F7C6-4BE8-834F-5E956C12B77C}.Debug|Any CPU.Build.0 = Debug|Any CPU
		{FD6B1EB6-F7C6-4BE8-834F-5E956C12B77C}.Release|Any CPU.ActiveCfg = Release|Any CPU
		{FD6B1EB6-F7C6-4BE8-834F-5E956C12B77C}.Release|Any CPU.Build.0 = Release|Any CPU
		{96FEE14E-DC4A-4016-862F-176AAFB1522E}.Debug|Any CPU.ActiveCfg = Debug|Any CPU
		{96FEE14E-DC4A-4016-862F-176AAFB1522E}.Debug|Any CPU.Build.0 = Debug|Any CPU
		{96FEE14E-DC4A-4016-862F-176AAFB1522E}.Release|Any CPU.ActiveCfg = Release|Any CPU
		{96FEE14E-DC4A-4016-862F-176AAFB1522E}.Release|Any CPU.Build.0 = Release|Any CPU
		{FD0185BF-82B5-4BD2-8D63-7C0900708E58}.Debug|Any CPU.ActiveCfg = Debug|Any CPU
		{FD0185BF-82B5-4BD2-8D63-7C0900708E58}.Debug|Any CPU.Build.0 = Debug|Any CPU
		{FD0185BF-82B5-4BD2-8D63-7C0900708E58}.Release|Any CPU.ActiveCfg = Release|Any CPU
		{FD0185BF-82B5-4BD2-8D63-7C0900708E58}.Release|Any CPU.Build.0 = Release|Any CPU
		{AF444144-77DC-4739-AAB8-19325B2D09AD}.Debug|Any CPU.ActiveCfg = Debug|Any CPU
		{AF444144-77DC-4739-AAB8-19325B2D09AD}.Debug|Any CPU.Build.0 = Debug|Any CPU
		{AF444144-77DC-4739-AAB8-19325B2D09AD}.Release|Any CPU.ActiveCfg = Release|Any CPU
		{AF444144-77DC-4739-AAB8-19325B2D09AD}.Release|Any CPU.Build.0 = Release|Any CPU
		{CD2615C3-2621-489D-8C82-8B6225E5C794}.Debug|Any CPU.ActiveCfg = Debug|Any CPU
		{CD2615C3-2621-489D-8C82-8B6225E5C794}.Debug|Any CPU.Build.0 = Debug|Any CPU
		{CD2615C3-2621-489D-8C82-8B6225E5C794}.Release|Any CPU.ActiveCfg = Release|Any CPU
		{CD2615C3-2621-489D-8C82-8B6225E5C794}.Release|Any CPU.Build.0 = Release|Any CPU
		{D1FA7F4D-187D-4B86-9055-F82D4FE0F50D}.Debug|Any CPU.ActiveCfg = Debug|Any CPU
		{D1FA7F4D-187D-4B86-9055-F82D4FE0F50D}.Debug|Any CPU.Build.0 = Debug|Any CPU
		{D1FA7F4D-187D-4B86-9055-F82D4FE0F50D}.Release|Any CPU.ActiveCfg = Release|Any CPU
		{D1FA7F4D-187D-4B86-9055-F82D4FE0F50D}.Release|Any CPU.Build.0 = Release|Any CPU
		{51D2C779-7772-4109-B4CE-D5AC57881E93}.Debug|Any CPU.ActiveCfg = Debug|Any CPU
		{51D2C779-7772-4109-B4CE-D5AC57881E93}.Debug|Any CPU.Build.0 = Debug|Any CPU
		{51D2C779-7772-4109-B4CE-D5AC57881E93}.Release|Any CPU.ActiveCfg = Release|Any CPU
		{51D2C779-7772-4109-B4CE-D5AC57881E93}.Release|Any CPU.Build.0 = Release|Any CPU
		{CD51DB06-4403-46AF-837D-18A34A5EF350}.Debug|Any CPU.ActiveCfg = Debug|Any CPU
		{CD51DB06-4403-46AF-837D-18A34A5EF350}.Debug|Any CPU.Build.0 = Debug|Any CPU
		{CD51DB06-4403-46AF-837D-18A34A5EF350}.Release|Any CPU.ActiveCfg = Release|Any CPU
		{CD51DB06-4403-46AF-837D-18A34A5EF350}.Release|Any CPU.Build.0 = Release|Any CPU
		{D410FD34-4404-4E26-8ECE-F5A2CD464130}.Debug|Any CPU.ActiveCfg = Debug|Any CPU
		{D410FD34-4404-4E26-8ECE-F5A2CD464130}.Debug|Any CPU.Build.0 = Debug|Any CPU
		{D410FD34-4404-4E26-8ECE-F5A2CD464130}.Release|Any CPU.ActiveCfg = Release|Any CPU
		{D410FD34-4404-4E26-8ECE-F5A2CD464130}.Release|Any CPU.Build.0 = Release|Any CPU
		{26452553-52E3-4383-898B-0292802A03D9}.Debug|Any CPU.ActiveCfg = Debug|Any CPU
		{26452553-52E3-4383-898B-0292802A03D9}.Debug|Any CPU.Build.0 = Debug|Any CPU
		{26452553-52E3-4383-898B-0292802A03D9}.Release|Any CPU.ActiveCfg = Release|Any CPU
		{26452553-52E3-4383-898B-0292802A03D9}.Release|Any CPU.Build.0 = Release|Any CPU
		{2FEBEBE1-3A10-436D-B64D-D509656DD106}.Debug|Any CPU.ActiveCfg = Debug|Any CPU
		{2FEBEBE1-3A10-436D-B64D-D509656DD106}.Debug|Any CPU.Build.0 = Debug|Any CPU
		{2FEBEBE1-3A10-436D-B64D-D509656DD106}.Release|Any CPU.ActiveCfg = Release|Any CPU
		{2FEBEBE1-3A10-436D-B64D-D509656DD106}.Release|Any CPU.Build.0 = Release|Any CPU
		{56EF835B-B346-4A1E-BA0A-8E3A441804C5}.Debug|Any CPU.ActiveCfg = Debug|Any CPU
		{56EF835B-B346-4A1E-BA0A-8E3A441804C5}.Debug|Any CPU.Build.0 = Debug|Any CPU
		{56EF835B-B346-4A1E-BA0A-8E3A441804C5}.Release|Any CPU.ActiveCfg = Release|Any CPU
		{56EF835B-B346-4A1E-BA0A-8E3A441804C5}.Release|Any CPU.Build.0 = Release|Any CPU
		{E5FECB9C-3789-4DDC-878C-C4FD4F876E56}.Debug|Any CPU.ActiveCfg = Debug|Any CPU
		{E5FECB9C-3789-4DDC-878C-C4FD4F876E56}.Debug|Any CPU.Build.0 = Debug|Any CPU
		{E5FECB9C-3789-4DDC-878C-C4FD4F876E56}.Release|Any CPU.ActiveCfg = Release|Any CPU
		{E5FECB9C-3789-4DDC-878C-C4FD4F876E56}.Release|Any CPU.Build.0 = Release|Any CPU
		{A341BDBD-079C-4462-AFF9-649D36BEA61A}.Debug|Any CPU.ActiveCfg = Debug|Any CPU
		{A341BDBD-079C-4462-AFF9-649D36BEA61A}.Debug|Any CPU.Build.0 = Debug|Any CPU
		{A341BDBD-079C-4462-AFF9-649D36BEA61A}.Release|Any CPU.ActiveCfg = Release|Any CPU
		{A341BDBD-079C-4462-AFF9-649D36BEA61A}.Release|Any CPU.Build.0 = Release|Any CPU
		{EB99061B-04B8-4181-B396-0BA1BD249A4A}.Debug|Any CPU.ActiveCfg = Debug|Any CPU
		{EB99061B-04B8-4181-B396-0BA1BD249A4A}.Debug|Any CPU.Build.0 = Debug|Any CPU
		{EB99061B-04B8-4181-B396-0BA1BD249A4A}.Release|Any CPU.ActiveCfg = Release|Any CPU
		{EB99061B-04B8-4181-B396-0BA1BD249A4A}.Release|Any CPU.Build.0 = Release|Any CPU
		{6ABF89E3-79C1-4F68-8844-3A2C9C632743}.Debug|Any CPU.ActiveCfg = Debug|Any CPU
		{6ABF89E3-79C1-4F68-8844-3A2C9C632743}.Debug|Any CPU.Build.0 = Debug|Any CPU
		{6ABF89E3-79C1-4F68-8844-3A2C9C632743}.Release|Any CPU.ActiveCfg = Release|Any CPU
		{6ABF89E3-79C1-4F68-8844-3A2C9C632743}.Release|Any CPU.Build.0 = Release|Any CPU
		{BA94807B-50FB-4647-B7AD-D8B8D86EC13E}.Debug|Any CPU.ActiveCfg = Debug|Any CPU
		{BA94807B-50FB-4647-B7AD-D8B8D86EC13E}.Debug|Any CPU.Build.0 = Debug|Any CPU
		{BA94807B-50FB-4647-B7AD-D8B8D86EC13E}.Release|Any CPU.ActiveCfg = Release|Any CPU
		{BA94807B-50FB-4647-B7AD-D8B8D86EC13E}.Release|Any CPU.Build.0 = Release|Any CPU
		{226DC83D-B005-4AC3-B3BD-5AC589E59225}.Debug|Any CPU.ActiveCfg = Debug|Any CPU
		{226DC83D-B005-4AC3-B3BD-5AC589E59225}.Debug|Any CPU.Build.0 = Debug|Any CPU
		{226DC83D-B005-4AC3-B3BD-5AC589E59225}.Release|Any CPU.ActiveCfg = Release|Any CPU
		{226DC83D-B005-4AC3-B3BD-5AC589E59225}.Release|Any CPU.Build.0 = Release|Any CPU
		{EF0CD8CF-FBAA-4F39-B9F9-FDE258A1AD03}.Debug|Any CPU.ActiveCfg = Debug|Any CPU
		{EF0CD8CF-FBAA-4F39-B9F9-FDE258A1AD03}.Debug|Any CPU.Build.0 = Debug|Any CPU
		{EF0CD8CF-FBAA-4F39-B9F9-FDE258A1AD03}.Release|Any CPU.ActiveCfg = Release|Any CPU
		{EF0CD8CF-FBAA-4F39-B9F9-FDE258A1AD03}.Release|Any CPU.Build.0 = Release|Any CPU
		{7AC28458-DD01-4511-8389-BEFFD960AB8B}.Debug|Any CPU.ActiveCfg = Debug|Any CPU
		{7AC28458-DD01-4511-8389-BEFFD960AB8B}.Debug|Any CPU.Build.0 = Debug|Any CPU
		{7AC28458-DD01-4511-8389-BEFFD960AB8B}.Release|Any CPU.ActiveCfg = Release|Any CPU
		{7AC28458-DD01-4511-8389-BEFFD960AB8B}.Release|Any CPU.Build.0 = Release|Any CPU
		{A003FCB9-8D9A-4ADA-B538-7A41288C6BD5}.Debug|Any CPU.ActiveCfg = Debug|Any CPU
		{A003FCB9-8D9A-4ADA-B538-7A41288C6BD5}.Debug|Any CPU.Build.0 = Debug|Any CPU
		{A003FCB9-8D9A-4ADA-B538-7A41288C6BD5}.Release|Any CPU.ActiveCfg = Release|Any CPU
		{A003FCB9-8D9A-4ADA-B538-7A41288C6BD5}.Release|Any CPU.Build.0 = Release|Any CPU
		{CB408C2E-8F22-400C-A1E0-67BD5A8123B1}.Debug|Any CPU.ActiveCfg = Debug|Any CPU
		{CB408C2E-8F22-400C-A1E0-67BD5A8123B1}.Debug|Any CPU.Build.0 = Debug|Any CPU
		{CB408C2E-8F22-400C-A1E0-67BD5A8123B1}.Release|Any CPU.ActiveCfg = Release|Any CPU
		{CB408C2E-8F22-400C-A1E0-67BD5A8123B1}.Release|Any CPU.Build.0 = Release|Any CPU
		{CFE71602-598C-41BE-91BF-232C1F00B010}.Debug|Any CPU.ActiveCfg = Debug|Any CPU
		{CFE71602-598C-41BE-91BF-232C1F00B010}.Debug|Any CPU.Build.0 = Debug|Any CPU
		{CFE71602-598C-41BE-91BF-232C1F00B010}.Release|Any CPU.ActiveCfg = Release|Any CPU
		{CFE71602-598C-41BE-91BF-232C1F00B010}.Release|Any CPU.Build.0 = Release|Any CPU
		{0CBE9B01-F108-42C5-A649-D9998464C84D}.Debug|Any CPU.ActiveCfg = Debug|Any CPU
		{0CBE9B01-F108-42C5-A649-D9998464C84D}.Debug|Any CPU.Build.0 = Debug|Any CPU
		{0CBE9B01-F108-42C5-A649-D9998464C84D}.Release|Any CPU.ActiveCfg = Release|Any CPU
		{0CBE9B01-F108-42C5-A649-D9998464C84D}.Release|Any CPU.Build.0 = Release|Any CPU
		{D2958EEE-7E25-4566-A72E-2E49B58DDEF3}.Debug|Any CPU.ActiveCfg = Debug|Any CPU
		{D2958EEE-7E25-4566-A72E-2E49B58DDEF3}.Debug|Any CPU.Build.0 = Debug|Any CPU
		{D2958EEE-7E25-4566-A72E-2E49B58DDEF3}.Release|Any CPU.ActiveCfg = Release|Any CPU
		{D2958EEE-7E25-4566-A72E-2E49B58DDEF3}.Release|Any CPU.Build.0 = Release|Any CPU
		{77805096-AD77-4EEE-B689-FF1381274BF9}.Debug|Any CPU.ActiveCfg = Debug|Any CPU
		{77805096-AD77-4EEE-B689-FF1381274BF9}.Debug|Any CPU.Build.0 = Debug|Any CPU
		{77805096-AD77-4EEE-B689-FF1381274BF9}.Release|Any CPU.ActiveCfg = Release|Any CPU
		{77805096-AD77-4EEE-B689-FF1381274BF9}.Release|Any CPU.Build.0 = Release|Any CPU
		{528BAC4C-AC58-47D3-9701-71E184052651}.Debug|Any CPU.ActiveCfg = Debug|Any CPU
		{528BAC4C-AC58-47D3-9701-71E184052651}.Debug|Any CPU.Build.0 = Debug|Any CPU
		{528BAC4C-AC58-47D3-9701-71E184052651}.Release|Any CPU.ActiveCfg = Release|Any CPU
		{528BAC4C-AC58-47D3-9701-71E184052651}.Release|Any CPU.Build.0 = Release|Any CPU
		{8506CFCE-68A5-4AB1-9AAE-F7BCE9BB3548}.Debug|Any CPU.ActiveCfg = Debug|Any CPU
		{8506CFCE-68A5-4AB1-9AAE-F7BCE9BB3548}.Debug|Any CPU.Build.0 = Debug|Any CPU
		{8506CFCE-68A5-4AB1-9AAE-F7BCE9BB3548}.Release|Any CPU.ActiveCfg = Release|Any CPU
		{8506CFCE-68A5-4AB1-9AAE-F7BCE9BB3548}.Release|Any CPU.Build.0 = Release|Any CPU
		{61EC55B5-4AD8-41D2-8D89-09B0AD0DE37A}.Debug|Any CPU.ActiveCfg = Debug|Any CPU
		{61EC55B5-4AD8-41D2-8D89-09B0AD0DE37A}.Debug|Any CPU.Build.0 = Debug|Any CPU
		{61EC55B5-4AD8-41D2-8D89-09B0AD0DE37A}.Release|Any CPU.ActiveCfg = Release|Any CPU
		{61EC55B5-4AD8-41D2-8D89-09B0AD0DE37A}.Release|Any CPU.Build.0 = Release|Any CPU
		{028732B7-1776-47AA-BE67-FEF1F1E55D5E}.Debug|Any CPU.ActiveCfg = Debug|Any CPU
		{028732B7-1776-47AA-BE67-FEF1F1E55D5E}.Debug|Any CPU.Build.0 = Debug|Any CPU
		{028732B7-1776-47AA-BE67-FEF1F1E55D5E}.Release|Any CPU.ActiveCfg = Release|Any CPU
		{028732B7-1776-47AA-BE67-FEF1F1E55D5E}.Release|Any CPU.Build.0 = Release|Any CPU
		{59694BDB-C37F-44C5-BF99-FB03E6A8F6C0}.Debug|Any CPU.ActiveCfg = Debug|Any CPU
		{59694BDB-C37F-44C5-BF99-FB03E6A8F6C0}.Debug|Any CPU.Build.0 = Debug|Any CPU
		{59694BDB-C37F-44C5-BF99-FB03E6A8F6C0}.Release|Any CPU.ActiveCfg = Release|Any CPU
		{59694BDB-C37F-44C5-BF99-FB03E6A8F6C0}.Release|Any CPU.Build.0 = Release|Any CPU
		{9EC53B46-1322-4291-B5CD-313671D993B0}.Debug|Any CPU.ActiveCfg = Debug|Any CPU
		{9EC53B46-1322-4291-B5CD-313671D993B0}.Debug|Any CPU.Build.0 = Debug|Any CPU
		{9EC53B46-1322-4291-B5CD-313671D993B0}.Release|Any CPU.ActiveCfg = Release|Any CPU
		{9EC53B46-1322-4291-B5CD-313671D993B0}.Release|Any CPU.Build.0 = Release|Any CPU
		{B201042F-553A-4F48-B3F5-5CD8AC97910D}.Debug|Any CPU.ActiveCfg = Debug|Any CPU
		{B201042F-553A-4F48-B3F5-5CD8AC97910D}.Debug|Any CPU.Build.0 = Debug|Any CPU
		{B201042F-553A-4F48-B3F5-5CD8AC97910D}.Release|Any CPU.ActiveCfg = Release|Any CPU
		{B201042F-553A-4F48-B3F5-5CD8AC97910D}.Release|Any CPU.Build.0 = Release|Any CPU
		{EF55C18C-B193-4D08-9ABD-F785F4A978B6}.Debug|Any CPU.ActiveCfg = Debug|Any CPU
		{EF55C18C-B193-4D08-9ABD-F785F4A978B6}.Debug|Any CPU.Build.0 = Debug|Any CPU
		{EF55C18C-B193-4D08-9ABD-F785F4A978B6}.Release|Any CPU.ActiveCfg = Release|Any CPU
		{EF55C18C-B193-4D08-9ABD-F785F4A978B6}.Release|Any CPU.Build.0 = Release|Any CPU
		{EFEB0357-A603-4AD2-9C7D-C61138136AE9}.Debug|Any CPU.ActiveCfg = Debug|Any CPU
		{EFEB0357-A603-4AD2-9C7D-C61138136AE9}.Debug|Any CPU.Build.0 = Debug|Any CPU
		{EFEB0357-A603-4AD2-9C7D-C61138136AE9}.Release|Any CPU.ActiveCfg = Release|Any CPU
		{EFEB0357-A603-4AD2-9C7D-C61138136AE9}.Release|Any CPU.Build.0 = Release|Any CPU
		{11539539-6DF1-49DB-A38D-9CD3F973B37F}.Debug|Any CPU.ActiveCfg = Debug|Any CPU
		{11539539-6DF1-49DB-A38D-9CD3F973B37F}.Debug|Any CPU.Build.0 = Debug|Any CPU
		{11539539-6DF1-49DB-A38D-9CD3F973B37F}.Release|Any CPU.ActiveCfg = Release|Any CPU
		{11539539-6DF1-49DB-A38D-9CD3F973B37F}.Release|Any CPU.Build.0 = Release|Any CPU
		{9AF07785-8FD3-4B3F-AC5B-8E1914057585}.Debug|Any CPU.ActiveCfg = Debug|Any CPU
		{9AF07785-8FD3-4B3F-AC5B-8E1914057585}.Debug|Any CPU.Build.0 = Debug|Any CPU
		{9AF07785-8FD3-4B3F-AC5B-8E1914057585}.Release|Any CPU.ActiveCfg = Release|Any CPU
		{9AF07785-8FD3-4B3F-AC5B-8E1914057585}.Release|Any CPU.Build.0 = Release|Any CPU
		{654BA016-6D1A-48A0-B535-8539B8108C52}.Debug|Any CPU.ActiveCfg = Debug|Any CPU
		{654BA016-6D1A-48A0-B535-8539B8108C52}.Debug|Any CPU.Build.0 = Debug|Any CPU
		{654BA016-6D1A-48A0-B535-8539B8108C52}.Release|Any CPU.ActiveCfg = Release|Any CPU
		{654BA016-6D1A-48A0-B535-8539B8108C52}.Release|Any CPU.Build.0 = Release|Any CPU
		{804B4C9B-E53B-4EBE-91B1-D370311D0412}.Debug|Any CPU.ActiveCfg = Debug|Any CPU
		{804B4C9B-E53B-4EBE-91B1-D370311D0412}.Debug|Any CPU.Build.0 = Debug|Any CPU
		{804B4C9B-E53B-4EBE-91B1-D370311D0412}.Release|Any CPU.ActiveCfg = Release|Any CPU
		{804B4C9B-E53B-4EBE-91B1-D370311D0412}.Release|Any CPU.Build.0 = Release|Any CPU
		{8634FF01-8AA7-41B5-9585-76F973A2A662}.Debug|Any CPU.ActiveCfg = Debug|Any CPU
		{8634FF01-8AA7-41B5-9585-76F973A2A662}.Debug|Any CPU.Build.0 = Debug|Any CPU
		{8634FF01-8AA7-41B5-9585-76F973A2A662}.Release|Any CPU.ActiveCfg = Release|Any CPU
		{8634FF01-8AA7-41B5-9585-76F973A2A662}.Release|Any CPU.Build.0 = Release|Any CPU
		{BD7D5187-CB5F-4998-8510-47C7F1F1E556}.Debug|Any CPU.ActiveCfg = Debug|Any CPU
		{BD7D5187-CB5F-4998-8510-47C7F1F1E556}.Debug|Any CPU.Build.0 = Debug|Any CPU
		{BD7D5187-CB5F-4998-8510-47C7F1F1E556}.Release|Any CPU.ActiveCfg = Release|Any CPU
		{BD7D5187-CB5F-4998-8510-47C7F1F1E556}.Release|Any CPU.Build.0 = Release|Any CPU
		{D5F7112D-8C52-4DCE-BD78-CA64EBB2C23C}.Debug|Any CPU.ActiveCfg = Debug|Any CPU
		{D5F7112D-8C52-4DCE-BD78-CA64EBB2C23C}.Debug|Any CPU.Build.0 = Debug|Any CPU
		{D5F7112D-8C52-4DCE-BD78-CA64EBB2C23C}.Release|Any CPU.ActiveCfg = Release|Any CPU
		{D5F7112D-8C52-4DCE-BD78-CA64EBB2C23C}.Release|Any CPU.Build.0 = Release|Any CPU
		{8F0887C4-4259-4C96-82AD-50B43FBEEA83}.Debug|Any CPU.ActiveCfg = Debug|Any CPU
		{8F0887C4-4259-4C96-82AD-50B43FBEEA83}.Debug|Any CPU.Build.0 = Debug|Any CPU
		{8F0887C4-4259-4C96-82AD-50B43FBEEA83}.Release|Any CPU.ActiveCfg = Release|Any CPU
		{8F0887C4-4259-4C96-82AD-50B43FBEEA83}.Release|Any CPU.Build.0 = Release|Any CPU
		{976B4E95-6AAB-45B3-8DBB-9F867533CDA6}.Debug|Any CPU.ActiveCfg = Debug|Any CPU
		{976B4E95-6AAB-45B3-8DBB-9F867533CDA6}.Debug|Any CPU.Build.0 = Debug|Any CPU
		{976B4E95-6AAB-45B3-8DBB-9F867533CDA6}.Release|Any CPU.ActiveCfg = Release|Any CPU
		{976B4E95-6AAB-45B3-8DBB-9F867533CDA6}.Release|Any CPU.Build.0 = Release|Any CPU
		{5CB5C670-0CBD-4953-91C3-804D527C8AD9}.Debug|Any CPU.ActiveCfg = Debug|Any CPU
		{5CB5C670-0CBD-4953-91C3-804D527C8AD9}.Debug|Any CPU.Build.0 = Debug|Any CPU
		{5CB5C670-0CBD-4953-91C3-804D527C8AD9}.Release|Any CPU.ActiveCfg = Release|Any CPU
		{5CB5C670-0CBD-4953-91C3-804D527C8AD9}.Release|Any CPU.Build.0 = Release|Any CPU
		{039C9B9C-DAEA-4CAE-8B2B-DD7511BF9A88}.Debug|Any CPU.ActiveCfg = Debug|Any CPU
		{039C9B9C-DAEA-4CAE-8B2B-DD7511BF9A88}.Debug|Any CPU.Build.0 = Debug|Any CPU
		{039C9B9C-DAEA-4CAE-8B2B-DD7511BF9A88}.Release|Any CPU.ActiveCfg = Release|Any CPU
		{039C9B9C-DAEA-4CAE-8B2B-DD7511BF9A88}.Release|Any CPU.Build.0 = Release|Any CPU
		{A71C4E66-DCB3-4710-9ECA-C386F8FCA3BB}.Debug|Any CPU.ActiveCfg = Debug|Any CPU
		{A71C4E66-DCB3-4710-9ECA-C386F8FCA3BB}.Debug|Any CPU.Build.0 = Debug|Any CPU
		{A71C4E66-DCB3-4710-9ECA-C386F8FCA3BB}.Release|Any CPU.ActiveCfg = Release|Any CPU
		{A71C4E66-DCB3-4710-9ECA-C386F8FCA3BB}.Release|Any CPU.Build.0 = Release|Any CPU
		{6717E60A-B778-4205-A10F-0460D9A99C6F}.Debug|Any CPU.ActiveCfg = Debug|Any CPU
		{6717E60A-B778-4205-A10F-0460D9A99C6F}.Debug|Any CPU.Build.0 = Debug|Any CPU
		{6717E60A-B778-4205-A10F-0460D9A99C6F}.Release|Any CPU.ActiveCfg = Release|Any CPU
		{6717E60A-B778-4205-A10F-0460D9A99C6F}.Release|Any CPU.Build.0 = Release|Any CPU
		{8AD28110-D771-4DF4-B133-DC3939ABFE4F}.Debug|Any CPU.ActiveCfg = Debug|Any CPU
		{8AD28110-D771-4DF4-B133-DC3939ABFE4F}.Debug|Any CPU.Build.0 = Debug|Any CPU
		{8AD28110-D771-4DF4-B133-DC3939ABFE4F}.Release|Any CPU.ActiveCfg = Release|Any CPU
		{8AD28110-D771-4DF4-B133-DC3939ABFE4F}.Release|Any CPU.Build.0 = Release|Any CPU
		{2BEA0930-87B7-41D7-BCED-5A917C6F5743}.Debug|Any CPU.ActiveCfg = Debug|Any CPU
		{2BEA0930-87B7-41D7-BCED-5A917C6F5743}.Debug|Any CPU.Build.0 = Debug|Any CPU
		{2BEA0930-87B7-41D7-BCED-5A917C6F5743}.Release|Any CPU.ActiveCfg = Release|Any CPU
		{2BEA0930-87B7-41D7-BCED-5A917C6F5743}.Release|Any CPU.Build.0 = Release|Any CPU
		{75A3E4D2-B0FE-4759-A04E-4BEBA44AEF00}.Debug|Any CPU.ActiveCfg = Debug|Any CPU
		{75A3E4D2-B0FE-4759-A04E-4BEBA44AEF00}.Debug|Any CPU.Build.0 = Debug|Any CPU
		{75A3E4D2-B0FE-4759-A04E-4BEBA44AEF00}.Release|Any CPU.ActiveCfg = Release|Any CPU
		{75A3E4D2-B0FE-4759-A04E-4BEBA44AEF00}.Release|Any CPU.Build.0 = Release|Any CPU
		{77C27597-5DBE-4FAD-8B60-FA3059E7D40F}.Debug|Any CPU.ActiveCfg = Debug|Any CPU
		{77C27597-5DBE-4FAD-8B60-FA3059E7D40F}.Debug|Any CPU.Build.0 = Debug|Any CPU
		{77C27597-5DBE-4FAD-8B60-FA3059E7D40F}.Release|Any CPU.ActiveCfg = Release|Any CPU
		{77C27597-5DBE-4FAD-8B60-FA3059E7D40F}.Release|Any CPU.Build.0 = Release|Any CPU
		{F7130A12-AEEE-4AFC-89E7-05B5E4584433}.Debug|Any CPU.ActiveCfg = Debug|Any CPU
		{F7130A12-AEEE-4AFC-89E7-05B5E4584433}.Debug|Any CPU.Build.0 = Debug|Any CPU
		{F7130A12-AEEE-4AFC-89E7-05B5E4584433}.Release|Any CPU.ActiveCfg = Release|Any CPU
		{F7130A12-AEEE-4AFC-89E7-05B5E4584433}.Release|Any CPU.Build.0 = Release|Any CPU
		{6B4ED851-C834-4C3F-93FB-F5A0158CB326}.Debug|Any CPU.ActiveCfg = Debug|Any CPU
		{6B4ED851-C834-4C3F-93FB-F5A0158CB326}.Debug|Any CPU.Build.0 = Debug|Any CPU
		{6B4ED851-C834-4C3F-93FB-F5A0158CB326}.Release|Any CPU.ActiveCfg = Release|Any CPU
		{6B4ED851-C834-4C3F-93FB-F5A0158CB326}.Release|Any CPU.Build.0 = Release|Any CPU
		{68291A7F-7DAD-48EF-B804-B7CBB68317C7}.Debug|Any CPU.ActiveCfg = Debug|Any CPU
		{68291A7F-7DAD-48EF-B804-B7CBB68317C7}.Debug|Any CPU.Build.0 = Debug|Any CPU
		{68291A7F-7DAD-48EF-B804-B7CBB68317C7}.Release|Any CPU.ActiveCfg = Release|Any CPU
		{68291A7F-7DAD-48EF-B804-B7CBB68317C7}.Release|Any CPU.Build.0 = Release|Any CPU
		{8FD9F284-8A86-48D1-8ADD-578FE6324A43}.Debug|Any CPU.ActiveCfg = Debug|Any CPU
		{8FD9F284-8A86-48D1-8ADD-578FE6324A43}.Debug|Any CPU.Build.0 = Debug|Any CPU
		{8FD9F284-8A86-48D1-8ADD-578FE6324A43}.Release|Any CPU.ActiveCfg = Release|Any CPU
		{8FD9F284-8A86-48D1-8ADD-578FE6324A43}.Release|Any CPU.Build.0 = Release|Any CPU
	EndGlobalSection
	GlobalSection(SolutionProperties) = preSolution
		HideSolutionNode = FALSE
	EndGlobalSection
	GlobalSection(NestedProjects) = preSolution
		{51C6908F-9712-4476-8C96-296DFDA1F5AF} = {725C78E1-AFED-494D-9CB1-3ACDAC96BC82}
		{78190B76-FDB6-467C-BAD0-F4626F541CA7} = {725C78E1-AFED-494D-9CB1-3ACDAC96BC82}
		{B5C2B10B-EFD2-401A-BD7D-9C2D6A2D3D96} = {338796E9-3A72-417E-9F29-6A0CC30C4676}
		{8F8CD2E2-F562-4161-A427-35CDA06EBFD2} = {F36F207F-F7CD-4923-B147-795AF86E6A98}
		{EB6F38FF-F06D-400F-8854-8B617A84518F} = {725C78E1-AFED-494D-9CB1-3ACDAC96BC82}
		{9D4DA2F8-BFE4-4896-94C4-4F955139D198} = {725C78E1-AFED-494D-9CB1-3ACDAC96BC82}
		{9F298B9A-09B1-45E2-8F40-0DABD37AEE38} = {338796E9-3A72-417E-9F29-6A0CC30C4676}
		{4E331ED4-C0F7-4771-8549-2A6042366528} = {1C8EAB8D-8134-4DCA-AB63-58A238B226FF}
		{4800F8F1-C5AF-46E6-A5C9-2A7AAD9D3ED7} = {1C8EAB8D-8134-4DCA-AB63-58A238B226FF}
		{F572B6A1-7E8F-46F8-B48F-00F525266A7B} = {725C78E1-AFED-494D-9CB1-3ACDAC96BC82}
		{08A04745-74F2-4617-B95D-9BD640BA5B7F} = {1C8EAB8D-8134-4DCA-AB63-58A238B226FF}
		{CB5B2080-CE2A-464D-ABDF-B0A3D19149F8} = {1C8EAB8D-8134-4DCA-AB63-58A238B226FF}
		{785B339E-6C94-4ACD-80D6-11F2C457DCB5} = {1C8EAB8D-8134-4DCA-AB63-58A238B226FF}
		{06FEF7AF-567B-4DF0-A23F-7C65F69D89FF} = {725C78E1-AFED-494D-9CB1-3ACDAC96BC82}
		{1C03F64D-6500-41B0-9C40-87A5D719080E} = {44D219F0-C35B-4A50-9985-7BB32EDC9B53}
		{018140FC-3BBB-4E53-B0C8-C4185F8631AC} = {44D219F0-C35B-4A50-9985-7BB32EDC9B53}
		{C4797108-F6E1-442E-B6E0-BBCE706DDC37} = {44D219F0-C35B-4A50-9985-7BB32EDC9B53}
		{2DC37502-F452-44F0-90F5-56B87517BB76} = {44D219F0-C35B-4A50-9985-7BB32EDC9B53}
		{8F0E186A-E454-40D9-8FCB-78753E249B6A} = {44D219F0-C35B-4A50-9985-7BB32EDC9B53}
		{9CC76301-1A64-41D0-98DE-E98682B4E429} = {F36F207F-F7CD-4923-B147-795AF86E6A98}
		{1216301A-08D5-4C7B-9F9E-5A90B54D5901} = {44D219F0-C35B-4A50-9985-7BB32EDC9B53}
		{2DAAD2F8-FC0A-4459-9108-BECE06227E8F} = {725C78E1-AFED-494D-9CB1-3ACDAC96BC82}
		{CCB58B55-0886-48A7-9BB9-7E0D07B05C3F} = {725C78E1-AFED-494D-9CB1-3ACDAC96BC82}
		{2028EDF6-C8B1-4C44-B3F9-DE278C3F2B7C} = {725C78E1-AFED-494D-9CB1-3ACDAC96BC82}
		{FD6B1EB6-F7C6-4BE8-834F-5E956C12B77C} = {0F97DB8E-0A79-4158-932D-EB22FB2AC038}
		{96FEE14E-DC4A-4016-862F-176AAFB1522E} = {0F97DB8E-0A79-4158-932D-EB22FB2AC038}
		{FD0185BF-82B5-4BD2-8D63-7C0900708E58} = {B81BBCFE-E3C0-49B8-A1B9-8DC2B63D98B5}
		{AF444144-77DC-4739-AAB8-19325B2D09AD} = {B81BBCFE-E3C0-49B8-A1B9-8DC2B63D98B5}
		{CD2615C3-2621-489D-8C82-8B6225E5C794} = {0F97DB8E-0A79-4158-932D-EB22FB2AC038}
		{D1FA7F4D-187D-4B86-9055-F82D4FE0F50D} = {0F97DB8E-0A79-4158-932D-EB22FB2AC038}
		{51D2C779-7772-4109-B4CE-D5AC57881E93} = {F36F207F-F7CD-4923-B147-795AF86E6A98}
		{CD51DB06-4403-46AF-837D-18A34A5EF350} = {B81BBCFE-E3C0-49B8-A1B9-8DC2B63D98B5}
		{D410FD34-4404-4E26-8ECE-F5A2CD464130} = {65073378-EE81-4DD2-AD63-B50479590454}
		{26452553-52E3-4383-898B-0292802A03D9} = {65073378-EE81-4DD2-AD63-B50479590454}
		{2FEBEBE1-3A10-436D-B64D-D509656DD106} = {1A83D562-C515-4452-B4CF-3E262140068A}
		{56EF835B-B346-4A1E-BA0A-8E3A441804C5} = {1A83D562-C515-4452-B4CF-3E262140068A}
		{0AE92237-470F-494F-B8B2-097B100359DE} = {FBD92D53-1F9F-40D6-885A-020741A3E9E4}
		{E5FECB9C-3789-4DDC-878C-C4FD4F876E56} = {0AE92237-470F-494F-B8B2-097B100359DE}
		{A341BDBD-079C-4462-AFF9-649D36BEA61A} = {0AE92237-470F-494F-B8B2-097B100359DE}
		{4E8A23E5-181A-4D80-B968-CCDBB4E5A24C} = {FBD92D53-1F9F-40D6-885A-020741A3E9E4}
		{EB99061B-04B8-4181-B396-0BA1BD249A4A} = {4E8A23E5-181A-4D80-B968-CCDBB4E5A24C}
		{6ABF89E3-79C1-4F68-8844-3A2C9C632743} = {4E8A23E5-181A-4D80-B968-CCDBB4E5A24C}
		{A59940A1-538E-4A83-A696-36A5B25494A7} = {FBD92D53-1F9F-40D6-885A-020741A3E9E4}
		{BA94807B-50FB-4647-B7AD-D8B8D86EC13E} = {A59940A1-538E-4A83-A696-36A5B25494A7}
		{226DC83D-B005-4AC3-B3BD-5AC589E59225} = {A59940A1-538E-4A83-A696-36A5B25494A7}
		{1345B2FD-3BC1-44E3-B270-647DF0431447} = {FBD92D53-1F9F-40D6-885A-020741A3E9E4}
		{90FB3AA3-681C-4B66-ADCB-3F0A2637DE57} = {FBD92D53-1F9F-40D6-885A-020741A3E9E4}
		{EF0CD8CF-FBAA-4F39-B9F9-FDE258A1AD03} = {59D90815-B97E-4420-8C7B-7DF611D01F4C}
		{7AC28458-DD01-4511-8389-BEFFD960AB8B} = {59D90815-B97E-4420-8C7B-7DF611D01F4C}
		{A003FCB9-8D9A-4ADA-B538-7A41288C6BD5} = {02D8601E-A0D1-4B61-B168-B0A07C024610}
		{CB408C2E-8F22-400C-A1E0-67BD5A8123B1} = {02D8601E-A0D1-4B61-B168-B0A07C024610}
		{CFE71602-598C-41BE-91BF-232C1F00B010} = {DA0CF598-E52A-4EDE-8438-41F941621C03}
		{0CBE9B01-F108-42C5-A649-D9998464C84D} = {DA0CF598-E52A-4EDE-8438-41F941621C03}
		{D2958EEE-7E25-4566-A72E-2E49B58DDEF3} = {1746DAB5-913B-4E6B-8D22-E70291C4642F}
		{77805096-AD77-4EEE-B689-FF1381274BF9} = {1746DAB5-913B-4E6B-8D22-E70291C4642F}
		{528BAC4C-AC58-47D3-9701-71E184052651} = {0FD3E55B-A6D9-4D29-B22E-B5F083593762}
		{8506CFCE-68A5-4AB1-9AAE-F7BCE9BB3548} = {0FD3E55B-A6D9-4D29-B22E-B5F083593762}
		{61EC55B5-4AD8-41D2-8D89-09B0AD0DE37A} = {BDBBFCA8-7623-47C0-97F9-13E3F4560BCD}
		{028732B7-1776-47AA-BE67-FEF1F1E55D5E} = {BDBBFCA8-7623-47C0-97F9-13E3F4560BCD}
		{59694BDB-C37F-44C5-BF99-FB03E6A8F6C0} = {9CA3EFBE-0595-46F7-A42A-99E0689F2409}
		{9EC53B46-1322-4291-B5CD-313671D993B0} = {9CA3EFBE-0595-46F7-A42A-99E0689F2409}
		{59D90815-B97E-4420-8C7B-7DF611D01F4C} = {F4AF8B5B-0926-4FCF-9102-2E2AE12196D2}
		{B201042F-553A-4F48-B3F5-5CD8AC97910D} = {90FB3AA3-681C-4B66-ADCB-3F0A2637DE57}
		{EF55C18C-B193-4D08-9ABD-F785F4A978B6} = {90FB3AA3-681C-4B66-ADCB-3F0A2637DE57}
		{EFEB0357-A603-4AD2-9C7D-C61138136AE9} = {1345B2FD-3BC1-44E3-B270-647DF0431447}
		{11539539-6DF1-49DB-A38D-9CD3F973B37F} = {AD34F6EE-F5D8-4FAA-8E69-0073E7CAC4FA}
		{9AF07785-8FD3-4B3F-AC5B-8E1914057585} = {AD34F6EE-F5D8-4FAA-8E69-0073E7CAC4FA}
		{654BA016-6D1A-48A0-B535-8539B8108C52} = {8E997E4D-4330-4D43-8DA2-2F4AF70CA4EB}
		{804B4C9B-E53B-4EBE-91B1-D370311D0412} = {B05D2376-5AFF-4900-9A53-42F40633EE10}
		{8634FF01-8AA7-41B5-9585-76F973A2A662} = {F8CF8B28-ED6D-4063-9C15-3805AE17A428}
		{BD7D5187-CB5F-4998-8510-47C7F1F1E556} = {847F1160-3EB2-44E1-A002-0FB8CE8322EC}
		{D5F7112D-8C52-4DCE-BD78-CA64EBB2C23C} = {847F1160-3EB2-44E1-A002-0FB8CE8322EC}
		{8F0887C4-4259-4C96-82AD-50B43FBEEA83} = {D02ECF65-B995-4220-88BE-50F6834DEBEB}
		{976B4E95-6AAB-45B3-8DBB-9F867533CDA6} = {00ECF822-F77E-44B7-83DE-2DA0FB86ABCC}
		{5CB5C670-0CBD-4953-91C3-804D527C8AD9} = {7D581519-AF56-4147-AD73-93A737BD645C}
		{039C9B9C-DAEA-4CAE-8B2B-DD7511BF9A88} = {7D581519-AF56-4147-AD73-93A737BD645C}
		{A71C4E66-DCB3-4710-9ECA-C386F8FCA3BB} = {D02ECF65-B995-4220-88BE-50F6834DEBEB}
		{6717E60A-B778-4205-A10F-0460D9A99C6F} = {E28C4ECD-B18E-4715-B46D-CA6B86A2BCA0}
		{8AD28110-D771-4DF4-B133-DC3939ABFE4F} = {C5A46E61-38AF-4D6C-80AB-D8DD384299C8}
		{2BEA0930-87B7-41D7-BCED-5A917C6F5743} = {C5A46E61-38AF-4D6C-80AB-D8DD384299C8}
		{75A3E4D2-B0FE-4759-A04E-4BEBA44AEF00} = {43E3F43A-14A9-44A9-9C9E-7A19EA1A2125}
		{77C27597-5DBE-4FAD-8B60-FA3059E7D40F} = {2A2A535A-4FF6-44B5-AC5E-1D91DEAC0B6D}
		{F7130A12-AEEE-4AFC-89E7-05B5E4584433} = {2A2A535A-4FF6-44B5-AC5E-1D91DEAC0B6D}
		{6B4ED851-C834-4C3F-93FB-F5A0158CB326} = {46098C0C-1B2E-41E0-91E5-CE48E29B6CD9}
		{68291A7F-7DAD-48EF-B804-B7CBB68317C7} = {D3548E18-6C4B-40E4-884F-C716DEC55EC8}
		{8FD9F284-8A86-48D1-8ADD-578FE6324A43} = {46098C0C-1B2E-41E0-91E5-CE48E29B6CD9}
	EndGlobalSection
	GlobalSection(ExtensibilityGlobals) = postSolution
		SolutionGuid = {56A756F6-2467-43C0-90D6-FBEC92801C43}
	EndGlobalSection
EndGlobal
