
Microsoft Visual Studio Solution File, Format Version 12.00
# Visual Studio Version 17
VisualStudioVersion = 17.8.34511.84
MinimumVisualStudioVersion = 10.0.40219.1
Project("{9A19103F-16F7-4668-BE54-9A1E7A4F7556}") = "Clase1Ejercicio1", "Clase1Ejercicio1\Clase1Ejercicio1.csproj", "{51C6908F-9712-4476-8C96-296DFDA1F5AF}"
EndProject
Project("{9A19103F-16F7-4668-BE54-9A1E7A4F7556}") = "Clase1Ejercicio1Alernativa", "Clase1Ejercicio1SegundaVersion\Clase1Ejercicio1Alernativa.csproj", "{78190B76-FDB6-467C-BAD0-F4626F541CA7}"
EndProject
Project("{9A19103F-16F7-4668-BE54-9A1E7A4F7556}") = "Clase2Ejercicio1", "Clase2Ejercicio1\Clase2Ejercicio1.csproj", "{B5C2B10B-EFD2-401A-BD7D-9C2D6A2D3D96}"
EndProject
Project("{9A19103F-16F7-4668-BE54-9A1E7A4F7556}") = "LibreriaClases", "LibreriaClases\LibreriaClases.csproj", "{8F8CD2E2-F562-4161-A427-35CDA06EBFD2}"
EndProject
Project("{2150E333-8FDC-42A3-9474-1A3956D46DE8}") = "1- Introducción a .NET y C#", "1- Introducción a .NET y C#", "{725C78E1-AFED-494D-9CB1-3ACDAC96BC82}"
EndProject
Project("{2150E333-8FDC-42A3-9474-1A3956D46DE8}") = "2- Clases y métodos estáticos", "2- Clases y métodos estáticos", "{338796E9-3A72-417E-9F29-6A0CC30C4676}"
EndProject
Project("{9A19103F-16F7-4668-BE54-9A1E7A4F7556}") = "Clase1Ejercicio3", "Clase1Ejercicio3\Clase1Ejercicio3.csproj", "{EB6F38FF-F06D-400F-8854-8B617A84518F}"
EndProject
Project("{9A19103F-16F7-4668-BE54-9A1E7A4F7556}") = "Clase1Ejercicio2", "Clase1Ejercicio2\Clase1Ejercicio2.csproj", "{9D4DA2F8-BFE4-4896-94C4-4F955139D198}"
EndProject
Project("{9A19103F-16F7-4668-BE54-9A1E7A4F7556}") = "Clase2Ejercicio2", "Clase2Ejercicio2\Clase2Ejercicio2.csproj", "{9F298B9A-09B1-45E2-8F40-0DABD37AEE38}"
EndProject
Project("{2150E333-8FDC-42A3-9474-1A3956D46DE8}") = "3- Programación orientada a objetos", "3- Programación orientada a objetos", "{1C8EAB8D-8134-4DCA-AB63-58A238B226FF}"
EndProject
Project("{9A19103F-16F7-4668-BE54-9A1E7A4F7556}") = "Clase3Ejercicio1", "Clase3Ejercicio1\Clase3Ejercicio1.csproj", "{4E331ED4-C0F7-4771-8549-2A6042366528}"
EndProject
Project("{9A19103F-16F7-4668-BE54-9A1E7A4F7556}") = "Clase3Ejercicio2", "Clase3Ejercicio2\Clase3Ejercicio2.csproj", "{4800F8F1-C5AF-46E6-A5C9-2A7AAD9D3ED7}"
EndProject
Project("{9A19103F-16F7-4668-BE54-9A1E7A4F7556}") = "Clase1Ejercicio4", "Clase1Ejercicio4\Clase1Ejercicio4.csproj", "{F572B6A1-7E8F-46F8-B48F-00F525266A7B}"
EndProject
Project("{2150E333-8FDC-42A3-9474-1A3956D46DE8}") = "Elementos de la solución", "Elementos de la solución", "{80289A44-B842-480E-AA25-425AB6CF099A}"
	ProjectSection(SolutionItems) = preProject
		.gitignore = .gitignore
	EndProjectSection
EndProject
Project("{9A19103F-16F7-4668-BE54-9A1E7A4F7556}") = "Clase3Ejercicio3", "Clase3Ejercicio3\Clase3Ejercicio3.csproj", "{08A04745-74F2-4617-B95D-9BD640BA5B7F}"
EndProject
Project("{9A19103F-16F7-4668-BE54-9A1E7A4F7556}") = "Clase3Ejercicio4", "Clase3Ejercicio4\Clase3Ejercicio4.csproj", "{CB5B2080-CE2A-464D-ABDF-B0A3D19149F8}"
EndProject
Project("{9A19103F-16F7-4668-BE54-9A1E7A4F7556}") = "Clase3Ejercicio4-PracticaColor", "Clase3Ejercicio4-PracticaColor\Clase3Ejercicio4-PracticaColor.csproj", "{785B339E-6C94-4ACD-80D6-11F2C457DCB5}"
EndProject
Project("{9A19103F-16F7-4668-BE54-9A1E7A4F7556}") = "Clase1Ejercicio5", "Clase1Ejercicio5\Clase1Ejercicio5.csproj", "{06FEF7AF-567B-4DF0-A23F-7C65F69D89FF}"
EndProject
Project("{2150E333-8FDC-42A3-9474-1A3956D46DE8}") = "4- Sobrecarga", "4- Sobrecarga", "{44D219F0-C35B-4A50-9985-7BB32EDC9B53}"
EndProject
Project("{9A19103F-16F7-4668-BE54-9A1E7A4F7556}") = "SobrecargaConstructorApp", "PracticaSobrecargaConstr\SobrecargaConstructorApp.csproj", "{1C03F64D-6500-41B0-9C40-87A5D719080E}"
EndProject
Project("{9A19103F-16F7-4668-BE54-9A1E7A4F7556}") = "SobrecargaOperadoresCoversionExplicitaApp", "SobrecargaOperadoresCoversionExplicitaApp\SobrecargaOperadoresCoversionExplicitaApp.csproj", "{018140FC-3BBB-4E53-B0C8-C4185F8631AC}"
EndProject
Project("{9A19103F-16F7-4668-BE54-9A1E7A4F7556}") = "SobrecargaOperadoresCoversionImplicitoApp", "SobrecargaOperadoresCoversionImplicitoApp\SobrecargaOperadoresCoversionImplicitoApp.csproj", "{C4797108-F6E1-442E-B6E0-BBCE706DDC37}"
EndProject
Project("{9A19103F-16F7-4668-BE54-9A1E7A4F7556}") = "SobrecargaOperadoresEj1", "SobrecargaOperadoresEj1\SobrecargaOperadoresEj1.csproj", "{2DC37502-F452-44F0-90F5-56B87517BB76}"
EndProject
Project("{9A19103F-16F7-4668-BE54-9A1E7A4F7556}") = "Clase4Ejercicio1", "Clase4Ejercicio1\Clase4Ejercicio1.csproj", "{8F0E186A-E454-40D9-8FCB-78753E249B6A}"
EndProject
Project("{9A19103F-16F7-4668-BE54-9A1E7A4F7556}") = "Billetes", "Billetes\Billetes.csproj", "{9CC76301-1A64-41D0-98DE-E98682B4E429}"
EndProject
Project("{9A19103F-16F7-4668-BE54-9A1E7A4F7556}") = "Clase4Ejercicio2", "Clase4Ejercicio2\Clase4Ejercicio2.csproj", "{1216301A-08D5-4C7B-9F9E-5A90B54D5901}"
EndProject
Project("{9A19103F-16F7-4668-BE54-9A1E7A4F7556}") = "Clase1Ejercicio6", "Clase1Ejercicio6\Clase1Ejercicio6.csproj", "{2DAAD2F8-FC0A-4459-9108-BECE06227E8F}"
EndProject
Project("{9A19103F-16F7-4668-BE54-9A1E7A4F7556}") = "Clase1Ejercicio6Alternativa", "Clase1Ejercicio6Alternativa\Clase1Ejercicio6Alternativa.csproj", "{CCB58B55-0886-48A7-9BB9-7E0D07B05C3F}"
EndProject
Project("{9A19103F-16F7-4668-BE54-9A1E7A4F7556}") = "Clase1Ejercicio7", "Clase1Ejercicio7\Clase1Ejercicio7.csproj", "{2028EDF6-C8B1-4C44-B3F9-DE278C3F2B7C}"
EndProject
Project("{9A19103F-16F7-4668-BE54-9A1E7A4F7556}") = "PracticaArray1", "PracticaArray1\PracticaArray1.csproj", "{FD6B1EB6-F7C6-4BE8-834F-5E956C12B77C}"
EndProject
Project("{2150E333-8FDC-42A3-9474-1A3956D46DE8}") = "5- Arrays y Colecciones", "5- Arrays y Colecciones", "{0F97DB8E-0A79-4158-932D-EB22FB2AC038}"
EndProject
Project("{9A19103F-16F7-4668-BE54-9A1E7A4F7556}") = "PracticaColecciones1", "PracticaColecciones1\PracticaColecciones1.csproj", "{96FEE14E-DC4A-4016-862F-176AAFB1522E}"
EndProject
Project("{9A19103F-16F7-4668-BE54-9A1E7A4F7556}") = "Clase6Ejercicio1Formulario", "Clase6Ejercicio1Formulario\Clase6Ejercicio1Formulario.csproj", "{FD0185BF-82B5-4BD2-8D63-7C0900708E58}"
EndProject
Project("{9A19103F-16F7-4668-BE54-9A1E7A4F7556}") = "FormularioSaludo", "FormularioSaludo\FormularioSaludo.csproj", "{AF444144-77DC-4739-AAB8-19325B2D09AD}"
EndProject
Project("{FAE04EC0-301F-11D3-BF4B-00C04F79EFBC}") = "Clase5Ejercicio1", "Clase5Ejercicio1\Clase5Ejercicio1.csproj", "{CD2615C3-2621-489D-8C82-8B6225E5C794}"
EndProject
Project("{FAE04EC0-301F-11D3-BF4B-00C04F79EFBC}") = "Clase5Ejercicio2", "Clase5Ejercicio2\Clase5Ejercicio2.csproj", "{D1FA7F4D-187D-4B86-9055-F82D4FE0F50D}"
EndProject
Project("{2150E333-8FDC-42A3-9474-1A3956D46DE8}") = "6- Windows Forms", "6- Windows Forms", "{B81BBCFE-E3C0-49B8-A1B9-8DC2B63D98B5}"
EndProject
Project("{FAE04EC0-301F-11D3-BF4B-00C04F79EFBC}") = "BibliotecaClass", "BibliotecaClass\BibliotecaClass.csproj", "{51D2C779-7772-4109-B4CE-D5AC57881E93}"
EndProject
Project("{FAE04EC0-301F-11D3-BF4B-00C04F79EFBC}") = "Clase6Ejercicio2FrmRegistro", "Registro\Clase6Ejercicio2FrmRegistro.csproj", "{CD51DB06-4403-46AF-837D-18A34A5EF350}"
EndProject
Global
	GlobalSection(SolutionConfigurationPlatforms) = preSolution
		Debug|Any CPU = Debug|Any CPU
		Release|Any CPU = Release|Any CPU
	EndGlobalSection
	GlobalSection(ProjectConfigurationPlatforms) = postSolution
		{51C6908F-9712-4476-8C96-296DFDA1F5AF}.Debug|Any CPU.ActiveCfg = Debug|Any CPU
		{51C6908F-9712-4476-8C96-296DFDA1F5AF}.Debug|Any CPU.Build.0 = Debug|Any CPU
		{51C6908F-9712-4476-8C96-296DFDA1F5AF}.Release|Any CPU.ActiveCfg = Release|Any CPU
		{51C6908F-9712-4476-8C96-296DFDA1F5AF}.Release|Any CPU.Build.0 = Release|Any CPU
		{78190B76-FDB6-467C-BAD0-F4626F541CA7}.Debug|Any CPU.ActiveCfg = Debug|Any CPU
		{78190B76-FDB6-467C-BAD0-F4626F541CA7}.Debug|Any CPU.Build.0 = Debug|Any CPU
		{78190B76-FDB6-467C-BAD0-F4626F541CA7}.Release|Any CPU.ActiveCfg = Release|Any CPU
		{78190B76-FDB6-467C-BAD0-F4626F541CA7}.Release|Any CPU.Build.0 = Release|Any CPU
		{B5C2B10B-EFD2-401A-BD7D-9C2D6A2D3D96}.Debug|Any CPU.ActiveCfg = Debug|Any CPU
		{B5C2B10B-EFD2-401A-BD7D-9C2D6A2D3D96}.Debug|Any CPU.Build.0 = Debug|Any CPU
		{B5C2B10B-EFD2-401A-BD7D-9C2D6A2D3D96}.Release|Any CPU.ActiveCfg = Release|Any CPU
		{B5C2B10B-EFD2-401A-BD7D-9C2D6A2D3D96}.Release|Any CPU.Build.0 = Release|Any CPU
		{8F8CD2E2-F562-4161-A427-35CDA06EBFD2}.Debug|Any CPU.ActiveCfg = Debug|Any CPU
		{8F8CD2E2-F562-4161-A427-35CDA06EBFD2}.Debug|Any CPU.Build.0 = Debug|Any CPU
		{8F8CD2E2-F562-4161-A427-35CDA06EBFD2}.Release|Any CPU.ActiveCfg = Release|Any CPU
		{8F8CD2E2-F562-4161-A427-35CDA06EBFD2}.Release|Any CPU.Build.0 = Release|Any CPU
		{EB6F38FF-F06D-400F-8854-8B617A84518F}.Debug|Any CPU.ActiveCfg = Debug|Any CPU
		{EB6F38FF-F06D-400F-8854-8B617A84518F}.Debug|Any CPU.Build.0 = Debug|Any CPU
		{EB6F38FF-F06D-400F-8854-8B617A84518F}.Release|Any CPU.ActiveCfg = Release|Any CPU
		{EB6F38FF-F06D-400F-8854-8B617A84518F}.Release|Any CPU.Build.0 = Release|Any CPU
		{9D4DA2F8-BFE4-4896-94C4-4F955139D198}.Debug|Any CPU.ActiveCfg = Debug|Any CPU
		{9D4DA2F8-BFE4-4896-94C4-4F955139D198}.Debug|Any CPU.Build.0 = Debug|Any CPU
		{9D4DA2F8-BFE4-4896-94C4-4F955139D198}.Release|Any CPU.ActiveCfg = Release|Any CPU
		{9D4DA2F8-BFE4-4896-94C4-4F955139D198}.Release|Any CPU.Build.0 = Release|Any CPU
		{9F298B9A-09B1-45E2-8F40-0DABD37AEE38}.Debug|Any CPU.ActiveCfg = Debug|Any CPU
		{9F298B9A-09B1-45E2-8F40-0DABD37AEE38}.Debug|Any CPU.Build.0 = Debug|Any CPU
		{9F298B9A-09B1-45E2-8F40-0DABD37AEE38}.Release|Any CPU.ActiveCfg = Release|Any CPU
		{9F298B9A-09B1-45E2-8F40-0DABD37AEE38}.Release|Any CPU.Build.0 = Release|Any CPU
		{4E331ED4-C0F7-4771-8549-2A6042366528}.Debug|Any CPU.ActiveCfg = Debug|Any CPU
		{4E331ED4-C0F7-4771-8549-2A6042366528}.Debug|Any CPU.Build.0 = Debug|Any CPU
		{4E331ED4-C0F7-4771-8549-2A6042366528}.Release|Any CPU.ActiveCfg = Release|Any CPU
		{4E331ED4-C0F7-4771-8549-2A6042366528}.Release|Any CPU.Build.0 = Release|Any CPU
		{4800F8F1-C5AF-46E6-A5C9-2A7AAD9D3ED7}.Debug|Any CPU.ActiveCfg = Debug|Any CPU
		{4800F8F1-C5AF-46E6-A5C9-2A7AAD9D3ED7}.Debug|Any CPU.Build.0 = Debug|Any CPU
		{4800F8F1-C5AF-46E6-A5C9-2A7AAD9D3ED7}.Release|Any CPU.ActiveCfg = Release|Any CPU
		{4800F8F1-C5AF-46E6-A5C9-2A7AAD9D3ED7}.Release|Any CPU.Build.0 = Release|Any CPU
		{F572B6A1-7E8F-46F8-B48F-00F525266A7B}.Debug|Any CPU.ActiveCfg = Debug|Any CPU
		{F572B6A1-7E8F-46F8-B48F-00F525266A7B}.Debug|Any CPU.Build.0 = Debug|Any CPU
		{F572B6A1-7E8F-46F8-B48F-00F525266A7B}.Release|Any CPU.ActiveCfg = Release|Any CPU
		{F572B6A1-7E8F-46F8-B48F-00F525266A7B}.Release|Any CPU.Build.0 = Release|Any CPU
		{08A04745-74F2-4617-B95D-9BD640BA5B7F}.Debug|Any CPU.ActiveCfg = Debug|Any CPU
		{08A04745-74F2-4617-B95D-9BD640BA5B7F}.Debug|Any CPU.Build.0 = Debug|Any CPU
		{08A04745-74F2-4617-B95D-9BD640BA5B7F}.Release|Any CPU.ActiveCfg = Release|Any CPU
		{08A04745-74F2-4617-B95D-9BD640BA5B7F}.Release|Any CPU.Build.0 = Release|Any CPU
		{CB5B2080-CE2A-464D-ABDF-B0A3D19149F8}.Debug|Any CPU.ActiveCfg = Debug|Any CPU
		{CB5B2080-CE2A-464D-ABDF-B0A3D19149F8}.Debug|Any CPU.Build.0 = Debug|Any CPU
		{CB5B2080-CE2A-464D-ABDF-B0A3D19149F8}.Release|Any CPU.ActiveCfg = Release|Any CPU
		{CB5B2080-CE2A-464D-ABDF-B0A3D19149F8}.Release|Any CPU.Build.0 = Release|Any CPU
		{785B339E-6C94-4ACD-80D6-11F2C457DCB5}.Debug|Any CPU.ActiveCfg = Debug|Any CPU
		{785B339E-6C94-4ACD-80D6-11F2C457DCB5}.Debug|Any CPU.Build.0 = Debug|Any CPU
		{785B339E-6C94-4ACD-80D6-11F2C457DCB5}.Release|Any CPU.ActiveCfg = Release|Any CPU
		{785B339E-6C94-4ACD-80D6-11F2C457DCB5}.Release|Any CPU.Build.0 = Release|Any CPU
		{06FEF7AF-567B-4DF0-A23F-7C65F69D89FF}.Debug|Any CPU.ActiveCfg = Debug|Any CPU
		{06FEF7AF-567B-4DF0-A23F-7C65F69D89FF}.Debug|Any CPU.Build.0 = Debug|Any CPU
		{06FEF7AF-567B-4DF0-A23F-7C65F69D89FF}.Release|Any CPU.ActiveCfg = Release|Any CPU
		{06FEF7AF-567B-4DF0-A23F-7C65F69D89FF}.Release|Any CPU.Build.0 = Release|Any CPU
		{1C03F64D-6500-41B0-9C40-87A5D719080E}.Debug|Any CPU.ActiveCfg = Debug|Any CPU
		{1C03F64D-6500-41B0-9C40-87A5D719080E}.Debug|Any CPU.Build.0 = Debug|Any CPU
		{1C03F64D-6500-41B0-9C40-87A5D719080E}.Release|Any CPU.ActiveCfg = Release|Any CPU
		{1C03F64D-6500-41B0-9C40-87A5D719080E}.Release|Any CPU.Build.0 = Release|Any CPU
		{018140FC-3BBB-4E53-B0C8-C4185F8631AC}.Debug|Any CPU.ActiveCfg = Debug|Any CPU
		{018140FC-3BBB-4E53-B0C8-C4185F8631AC}.Debug|Any CPU.Build.0 = Debug|Any CPU
		{018140FC-3BBB-4E53-B0C8-C4185F8631AC}.Release|Any CPU.ActiveCfg = Release|Any CPU
		{018140FC-3BBB-4E53-B0C8-C4185F8631AC}.Release|Any CPU.Build.0 = Release|Any CPU
		{C4797108-F6E1-442E-B6E0-BBCE706DDC37}.Debug|Any CPU.ActiveCfg = Debug|Any CPU
		{C4797108-F6E1-442E-B6E0-BBCE706DDC37}.Debug|Any CPU.Build.0 = Debug|Any CPU
		{C4797108-F6E1-442E-B6E0-BBCE706DDC37}.Release|Any CPU.ActiveCfg = Release|Any CPU
		{C4797108-F6E1-442E-B6E0-BBCE706DDC37}.Release|Any CPU.Build.0 = Release|Any CPU
		{2DC37502-F452-44F0-90F5-56B87517BB76}.Debug|Any CPU.ActiveCfg = Debug|Any CPU
		{2DC37502-F452-44F0-90F5-56B87517BB76}.Debug|Any CPU.Build.0 = Debug|Any CPU
		{2DC37502-F452-44F0-90F5-56B87517BB76}.Release|Any CPU.ActiveCfg = Release|Any CPU
		{2DC37502-F452-44F0-90F5-56B87517BB76}.Release|Any CPU.Build.0 = Release|Any CPU
		{8F0E186A-E454-40D9-8FCB-78753E249B6A}.Debug|Any CPU.ActiveCfg = Debug|Any CPU
		{8F0E186A-E454-40D9-8FCB-78753E249B6A}.Debug|Any CPU.Build.0 = Debug|Any CPU
		{8F0E186A-E454-40D9-8FCB-78753E249B6A}.Release|Any CPU.ActiveCfg = Release|Any CPU
		{8F0E186A-E454-40D9-8FCB-78753E249B6A}.Release|Any CPU.Build.0 = Release|Any CPU
		{9CC76301-1A64-41D0-98DE-E98682B4E429}.Debug|Any CPU.ActiveCfg = Debug|Any CPU
		{9CC76301-1A64-41D0-98DE-E98682B4E429}.Debug|Any CPU.Build.0 = Debug|Any CPU
		{9CC76301-1A64-41D0-98DE-E98682B4E429}.Release|Any CPU.ActiveCfg = Release|Any CPU
		{9CC76301-1A64-41D0-98DE-E98682B4E429}.Release|Any CPU.Build.0 = Release|Any CPU
		{1216301A-08D5-4C7B-9F9E-5A90B54D5901}.Debug|Any CPU.ActiveCfg = Debug|Any CPU
		{1216301A-08D5-4C7B-9F9E-5A90B54D5901}.Debug|Any CPU.Build.0 = Debug|Any CPU
		{1216301A-08D5-4C7B-9F9E-5A90B54D5901}.Release|Any CPU.ActiveCfg = Release|Any CPU
		{1216301A-08D5-4C7B-9F9E-5A90B54D5901}.Release|Any CPU.Build.0 = Release|Any CPU
		{2DAAD2F8-FC0A-4459-9108-BECE06227E8F}.Debug|Any CPU.ActiveCfg = Debug|Any CPU
		{2DAAD2F8-FC0A-4459-9108-BECE06227E8F}.Debug|Any CPU.Build.0 = Debug|Any CPU
		{2DAAD2F8-FC0A-4459-9108-BECE06227E8F}.Release|Any CPU.ActiveCfg = Release|Any CPU
		{2DAAD2F8-FC0A-4459-9108-BECE06227E8F}.Release|Any CPU.Build.0 = Release|Any CPU
		{CCB58B55-0886-48A7-9BB9-7E0D07B05C3F}.Debug|Any CPU.ActiveCfg = Debug|Any CPU
		{CCB58B55-0886-48A7-9BB9-7E0D07B05C3F}.Debug|Any CPU.Build.0 = Debug|Any CPU
		{CCB58B55-0886-48A7-9BB9-7E0D07B05C3F}.Release|Any CPU.ActiveCfg = Release|Any CPU
		{CCB58B55-0886-48A7-9BB9-7E0D07B05C3F}.Release|Any CPU.Build.0 = Release|Any CPU
		{2028EDF6-C8B1-4C44-B3F9-DE278C3F2B7C}.Debug|Any CPU.ActiveCfg = Debug|Any CPU
		{2028EDF6-C8B1-4C44-B3F9-DE278C3F2B7C}.Debug|Any CPU.Build.0 = Debug|Any CPU
		{2028EDF6-C8B1-4C44-B3F9-DE278C3F2B7C}.Release|Any CPU.ActiveCfg = Release|Any CPU
		{2028EDF6-C8B1-4C44-B3F9-DE278C3F2B7C}.Release|Any CPU.Build.0 = Release|Any CPU
		{FD6B1EB6-F7C6-4BE8-834F-5E956C12B77C}.Debug|Any CPU.ActiveCfg = Debug|Any CPU
		{FD6B1EB6-F7C6-4BE8-834F-5E956C12B77C}.Debug|Any CPU.Build.0 = Debug|Any CPU
		{FD6B1EB6-F7C6-4BE8-834F-5E956C12B77C}.Release|Any CPU.ActiveCfg = Release|Any CPU
		{FD6B1EB6-F7C6-4BE8-834F-5E956C12B77C}.Release|Any CPU.Build.0 = Release|Any CPU
		{96FEE14E-DC4A-4016-862F-176AAFB1522E}.Debug|Any CPU.ActiveCfg = Debug|Any CPU
		{96FEE14E-DC4A-4016-862F-176AAFB1522E}.Debug|Any CPU.Build.0 = Debug|Any CPU
		{96FEE14E-DC4A-4016-862F-176AAFB1522E}.Release|Any CPU.ActiveCfg = Release|Any CPU
		{96FEE14E-DC4A-4016-862F-176AAFB1522E}.Release|Any CPU.Build.0 = Release|Any CPU
		{FD0185BF-82B5-4BD2-8D63-7C0900708E58}.Debug|Any CPU.ActiveCfg = Debug|Any CPU
		{FD0185BF-82B5-4BD2-8D63-7C0900708E58}.Debug|Any CPU.Build.0 = Debug|Any CPU
		{FD0185BF-82B5-4BD2-8D63-7C0900708E58}.Release|Any CPU.ActiveCfg = Release|Any CPU
		{FD0185BF-82B5-4BD2-8D63-7C0900708E58}.Release|Any CPU.Build.0 = Release|Any CPU
		{AF444144-77DC-4739-AAB8-19325B2D09AD}.Debug|Any CPU.ActiveCfg = Debug|Any CPU
		{AF444144-77DC-4739-AAB8-19325B2D09AD}.Debug|Any CPU.Build.0 = Debug|Any CPU
		{AF444144-77DC-4739-AAB8-19325B2D09AD}.Release|Any CPU.ActiveCfg = Release|Any CPU
		{AF444144-77DC-4739-AAB8-19325B2D09AD}.Release|Any CPU.Build.0 = Release|Any CPU
		{CD2615C3-2621-489D-8C82-8B6225E5C794}.Debug|Any CPU.ActiveCfg = Debug|Any CPU
		{CD2615C3-2621-489D-8C82-8B6225E5C794}.Debug|Any CPU.Build.0 = Debug|Any CPU
		{CD2615C3-2621-489D-8C82-8B6225E5C794}.Release|Any CPU.ActiveCfg = Release|Any CPU
		{CD2615C3-2621-489D-8C82-8B6225E5C794}.Release|Any CPU.Build.0 = Release|Any CPU
		{D1FA7F4D-187D-4B86-9055-F82D4FE0F50D}.Debug|Any CPU.ActiveCfg = Debug|Any CPU
		{D1FA7F4D-187D-4B86-9055-F82D4FE0F50D}.Debug|Any CPU.Build.0 = Debug|Any CPU
		{D1FA7F4D-187D-4B86-9055-F82D4FE0F50D}.Release|Any CPU.ActiveCfg = Release|Any CPU
		{D1FA7F4D-187D-4B86-9055-F82D4FE0F50D}.Release|Any CPU.Build.0 = Release|Any CPU
		{51D2C779-7772-4109-B4CE-D5AC57881E93}.Debug|Any CPU.ActiveCfg = Debug|Any CPU
		{51D2C779-7772-4109-B4CE-D5AC57881E93}.Debug|Any CPU.Build.0 = Debug|Any CPU
		{51D2C779-7772-4109-B4CE-D5AC57881E93}.Release|Any CPU.ActiveCfg = Release|Any CPU
		{51D2C779-7772-4109-B4CE-D5AC57881E93}.Release|Any CPU.Build.0 = Release|Any CPU
		{CD51DB06-4403-46AF-837D-18A34A5EF350}.Debug|Any CPU.ActiveCfg = Debug|Any CPU
		{CD51DB06-4403-46AF-837D-18A34A5EF350}.Debug|Any CPU.Build.0 = Debug|Any CPU
		{CD51DB06-4403-46AF-837D-18A34A5EF350}.Release|Any CPU.ActiveCfg = Release|Any CPU
		{CD51DB06-4403-46AF-837D-18A34A5EF350}.Release|Any CPU.Build.0 = Release|Any CPU
	EndGlobalSection
	GlobalSection(SolutionProperties) = preSolution
		HideSolutionNode = FALSE
	EndGlobalSection
	GlobalSection(NestedProjects) = preSolution
		{51C6908F-9712-4476-8C96-296DFDA1F5AF} = {725C78E1-AFED-494D-9CB1-3ACDAC96BC82}
		{78190B76-FDB6-467C-BAD0-F4626F541CA7} = {725C78E1-AFED-494D-9CB1-3ACDAC96BC82}
		{B5C2B10B-EFD2-401A-BD7D-9C2D6A2D3D96} = {338796E9-3A72-417E-9F29-6A0CC30C4676}
		{EB6F38FF-F06D-400F-8854-8B617A84518F} = {725C78E1-AFED-494D-9CB1-3ACDAC96BC82}
		{9D4DA2F8-BFE4-4896-94C4-4F955139D198} = {725C78E1-AFED-494D-9CB1-3ACDAC96BC82}
		{9F298B9A-09B1-45E2-8F40-0DABD37AEE38} = {338796E9-3A72-417E-9F29-6A0CC30C4676}
		{4E331ED4-C0F7-4771-8549-2A6042366528} = {1C8EAB8D-8134-4DCA-AB63-58A238B226FF}
		{4800F8F1-C5AF-46E6-A5C9-2A7AAD9D3ED7} = {1C8EAB8D-8134-4DCA-AB63-58A238B226FF}
		{F572B6A1-7E8F-46F8-B48F-00F525266A7B} = {725C78E1-AFED-494D-9CB1-3ACDAC96BC82}
		{08A04745-74F2-4617-B95D-9BD640BA5B7F} = {1C8EAB8D-8134-4DCA-AB63-58A238B226FF}
		{CB5B2080-CE2A-464D-ABDF-B0A3D19149F8} = {1C8EAB8D-8134-4DCA-AB63-58A238B226FF}
		{785B339E-6C94-4ACD-80D6-11F2C457DCB5} = {1C8EAB8D-8134-4DCA-AB63-58A238B226FF}
		{06FEF7AF-567B-4DF0-A23F-7C65F69D89FF} = {725C78E1-AFED-494D-9CB1-3ACDAC96BC82}
		{1C03F64D-6500-41B0-9C40-87A5D719080E} = {44D219F0-C35B-4A50-9985-7BB32EDC9B53}
		{018140FC-3BBB-4E53-B0C8-C4185F8631AC} = {44D219F0-C35B-4A50-9985-7BB32EDC9B53}
		{C4797108-F6E1-442E-B6E0-BBCE706DDC37} = {44D219F0-C35B-4A50-9985-7BB32EDC9B53}
		{2DC37502-F452-44F0-90F5-56B87517BB76} = {44D219F0-C35B-4A50-9985-7BB32EDC9B53}
		{8F0E186A-E454-40D9-8FCB-78753E249B6A} = {44D219F0-C35B-4A50-9985-7BB32EDC9B53}
		{1216301A-08D5-4C7B-9F9E-5A90B54D5901} = {44D219F0-C35B-4A50-9985-7BB32EDC9B53}
		{2DAAD2F8-FC0A-4459-9108-BECE06227E8F} = {725C78E1-AFED-494D-9CB1-3ACDAC96BC82}
		{CCB58B55-0886-48A7-9BB9-7E0D07B05C3F} = {725C78E1-AFED-494D-9CB1-3ACDAC96BC82}
		{2028EDF6-C8B1-4C44-B3F9-DE278C3F2B7C} = {725C78E1-AFED-494D-9CB1-3ACDAC96BC82}
		{FD6B1EB6-F7C6-4BE8-834F-5E956C12B77C} = {0F97DB8E-0A79-4158-932D-EB22FB2AC038}
		{96FEE14E-DC4A-4016-862F-176AAFB1522E} = {0F97DB8E-0A79-4158-932D-EB22FB2AC038}
		{FD0185BF-82B5-4BD2-8D63-7C0900708E58} = {B81BBCFE-E3C0-49B8-A1B9-8DC2B63D98B5}
		{AF444144-77DC-4739-AAB8-19325B2D09AD} = {B81BBCFE-E3C0-49B8-A1B9-8DC2B63D98B5}
		{CD2615C3-2621-489D-8C82-8B6225E5C794} = {0F97DB8E-0A79-4158-932D-EB22FB2AC038}
		{D1FA7F4D-187D-4B86-9055-F82D4FE0F50D} = {0F97DB8E-0A79-4158-932D-EB22FB2AC038}
	EndGlobalSection
	GlobalSection(ExtensibilityGlobals) = postSolution
		SolutionGuid = {56A756F6-2467-43C0-90D6-FBEC92801C43}
	EndGlobalSection
EndGlobal
